// !$*UTF8*$!
{
	archiveVersion = 1;
	classes = {
	};
	objectVersion = 46;
	objects = {

/* Begin PBXBuildFile section */
		0A93D0AE1C639DA2006517AF /* Podfile in Resources */ = {isa = PBXBuildFile; fileRef = 0A93D0AD1C639DA2006517AF /* Podfile */; };
		0A93D0E11C63B100006517AF /* news.swift in Sources */ = {isa = PBXBuildFile; fileRef = 0A93D0E01C63B100006517AF /* news.swift */; };
		0A93D0E31C63B10E006517AF /* articles.swift in Sources */ = {isa = PBXBuildFile; fileRef = 0A93D0E21C63B10E006517AF /* articles.swift */; };
		0A93D0E51C63B11E006517AF /* search.swift in Sources */ = {isa = PBXBuildFile; fileRef = 0A93D0E41C63B11E006517AF /* search.swift */; };
		0A93D0E61C649F05006517AF /* http.swift in Sources */ = {isa = PBXBuildFile; fileRef = B56090CD1A065778008DF0B3 /* http.swift */; };
		0A93D10F1C64BD15006517AF /* item.swift in Sources */ = {isa = PBXBuildFile; fileRef = 0A93D10E1C64BD15006517AF /* item.swift */; };
		0A93D1131C64D3B4006517AF /* news_model.swift in Sources */ = {isa = PBXBuildFile; fileRef = 0A93D1121C64D3B4006517AF /* news_model.swift */; };
		0A93D1271C64D3CA006517AF /* articles_model.swift in Sources */ = {isa = PBXBuildFile; fileRef = 0A93D1261C64D3CA006517AF /* articles_model.swift */; };
		5167FCCB19F8EC46008AFF52 /* TableViewController.swift in Sources */ = {isa = PBXBuildFile; fileRef = 5167FCCA19F8EC46008AFF52 /* TableViewController.swift */; };
		5167FCD119F9293F008AFF52 /* UIKit.framework in Frameworks */ = {isa = PBXBuildFile; fileRef = 5167FCD019F9293F008AFF52 /* UIKit.framework */; };
		51798A251A134ABF00B5FE48 /* DKDatePickerView.swift in Sources */ = {isa = PBXBuildFile; fileRef = 51798A241A134ABF00B5FE48 /* DKDatePickerView.swift */; };
		51798A2B1A14F47C00B5FE48 /* DKSearchFormDelegate.swift in Sources */ = {isa = PBXBuildFile; fileRef = 51798A2A1A14F47C00B5FE48 /* DKSearchFormDelegate.swift */; };
		B505CFB51A46F1C400BE1FCC /* adult.png in Resources */ = {isa = PBXBuildFile; fileRef = B505CFB01A46F1C400BE1FCC /* adult.png */; };
		B505CFB61A46F1C400BE1FCC /* children.png in Resources */ = {isa = PBXBuildFile; fileRef = B505CFB11A46F1C400BE1FCC /* children.png */; };
		B505CFB71A46F1C400BE1FCC /* Icon-Small-40@2x.png in Resources */ = {isa = PBXBuildFile; fileRef = B505CFB21A46F1C400BE1FCC /* Icon-Small-40@2x.png */; };
		B505CFB81A46F1C400BE1FCC /* infant.png in Resources */ = {isa = PBXBuildFile; fileRef = B505CFB31A46F1C400BE1FCC /* infant.png */; };
		B505CFB91A46F1C400BE1FCC /* no_photo_hotel.png in Resources */ = {isa = PBXBuildFile; fileRef = B505CFB41A46F1C400BE1FCC /* no_photo_hotel.png */; };
		B510C6BB1A0E21C5005D85C0 /* DKSearchFormController.swift in Sources */ = {isa = PBXBuildFile; fileRef = B510C6BA1A0E21C5005D85C0 /* DKSearchFormController.swift */; };
		B54E53A41A18A42D00EAE6BD /* QuartzCore.framework in Frameworks */ = {isa = PBXBuildFile; fileRef = B54E53A31A18A42D00EAE6BD /* QuartzCore.framework */; };
		B54E53B01A18F8F800EAE6BD /* DKNotification.swift in Sources */ = {isa = PBXBuildFile; fileRef = B54E53AF1A18F8F800EAE6BD /* DKNotification.swift */; };
		B55595FA1A04D4C500E22F9B /* utils.swift in Sources */ = {isa = PBXBuildFile; fileRef = B55595F91A04D4C500E22F9B /* utils.swift */; };
		B56090CB1A064CE4008DF0B3 /* filters.swift in Sources */ = {isa = PBXBuildFile; fileRef = B56090CA1A064CE4008DF0B3 /* filters.swift */; };
		B578AA1019F8332300A8C18E /* AppDelegate.swift in Sources */ = {isa = PBXBuildFile; fileRef = B578AA0F19F8332300A8C18E /* AppDelegate.swift */; };
		B578AA1219F8332300A8C18E /* ViewController.swift in Sources */ = {isa = PBXBuildFile; fileRef = B578AA1119F8332300A8C18E /* ViewController.swift */; };
		B578AA1519F8332300A8C18E /* Main.storyboard in Resources */ = {isa = PBXBuildFile; fileRef = B578AA1319F8332300A8C18E /* Main.storyboard */; };
		B578AA1719F8332300A8C18E /* Images.xcassets in Resources */ = {isa = PBXBuildFile; fileRef = B578AA1619F8332300A8C18E /* Images.xcassets */; };
		B578AA1A19F8332300A8C18E /* LaunchScreen.xib in Resources */ = {isa = PBXBuildFile; fileRef = B578AA1819F8332300A8C18E /* LaunchScreen.xib */; };
		B578AA2619F8332300A8C18E /* IOS_firstTests.swift in Sources */ = {isa = PBXBuildFile; fileRef = B578AA2519F8332300A8C18E /* IOS_firstTests.swift */; };
		B583C94B1A08ADE1003EA493 /* activity_indicator.swift in Sources */ = {isa = PBXBuildFile; fileRef = B583C94A1A08ADE1003EA493 /* activity_indicator.swift */; };
		B5DDFBC71A08D4BC00B2339A /* utils.swift in Resources */ = {isa = PBXBuildFile; fileRef = B55595F91A04D4C500E22F9B /* utils.swift */; };
		B5DDFBC81A08D4BC00B2339A /* http.swift in Resources */ = {isa = PBXBuildFile; fileRef = B56090CD1A065778008DF0B3 /* http.swift */; };
		B5DDFBC91A08D4BC00B2339A /* activity_indicator.swift in Resources */ = {isa = PBXBuildFile; fileRef = B583C94A1A08ADE1003EA493 /* activity_indicator.swift */; };
		B5F6726E1A0F4A19001E90CA /* DKPopoverViewController.swift in Sources */ = {isa = PBXBuildFile; fileRef = B5F6726D1A0F4A19001E90CA /* DKPopoverViewController.swift */; };
		E2050808333ADE06D3874E44 /* Pods.framework in Frameworks */ = {isa = PBXBuildFile; fileRef = ED85A53CDFF7AF39FAC37586 /* Pods.framework */; settings = {ATTRIBUTES = (Required, ); }; };
/* End PBXBuildFile section */

/* Begin PBXContainerItemProxy section */
		0A93D0B61C63A4BD006517AF /* PBXContainerItemProxy */ = {
			isa = PBXContainerItemProxy;
			containerPortal = 0A93D0AF1C63A4BD006517AF /* Pods.xcodeproj */;
			proxyType = 2;
			remoteGlobalIDString = EB2A7E6958944CD478AB02B74D70828D;
			remoteInfo = Alamofire;
		};
		0A93D0B81C63A4BD006517AF /* PBXContainerItemProxy */ = {
			isa = PBXContainerItemProxy;
			containerPortal = 0A93D0AF1C63A4BD006517AF /* Pods.xcodeproj */;
			proxyType = 2;
			remoteGlobalIDString = E7C0F5F1E460555BB518DDF3C764A006;
			remoteInfo = Pods;
		};
		0A93D0BA1C63A4BD006517AF /* PBXContainerItemProxy */ = {
			isa = PBXContainerItemProxy;
			containerPortal = 0A93D0AF1C63A4BD006517AF /* Pods.xcodeproj */;
			proxyType = 2;
			remoteGlobalIDString = AB5510C52FBD93E0D7AB1309814235F9;
			remoteInfo = SDWebImage;
		};
		0A93D0BC1C63A4BD006517AF /* PBXContainerItemProxy */ = {
			isa = PBXContainerItemProxy;
			containerPortal = 0A93D0AF1C63A4BD006517AF /* Pods.xcodeproj */;
			proxyType = 2;
			remoteGlobalIDString = 0145EDA30A230CE875016E71F4B358F5;
			remoteInfo = SwiftyJSON;
		};
		0A93D0C51C63A4D0006517AF /* PBXContainerItemProxy */ = {
			isa = PBXContainerItemProxy;
			containerPortal = 0A93D0BE1C63A4D0006517AF /* Pods.xcodeproj */;
			proxyType = 2;
			remoteGlobalIDString = EB2A7E6958944CD478AB02B74D70828D;
			remoteInfo = Alamofire;
		};
		0A93D0C71C63A4D0006517AF /* PBXContainerItemProxy */ = {
			isa = PBXContainerItemProxy;
			containerPortal = 0A93D0BE1C63A4D0006517AF /* Pods.xcodeproj */;
			proxyType = 2;
			remoteGlobalIDString = E7C0F5F1E460555BB518DDF3C764A006;
			remoteInfo = Pods;
		};
		0A93D0C91C63A4D0006517AF /* PBXContainerItemProxy */ = {
			isa = PBXContainerItemProxy;
			containerPortal = 0A93D0BE1C63A4D0006517AF /* Pods.xcodeproj */;
			proxyType = 2;
			remoteGlobalIDString = AB5510C52FBD93E0D7AB1309814235F9;
			remoteInfo = SDWebImage;
		};
		0A93D0CB1C63A4D0006517AF /* PBXContainerItemProxy */ = {
			isa = PBXContainerItemProxy;
			containerPortal = 0A93D0BE1C63A4D0006517AF /* Pods.xcodeproj */;
			proxyType = 2;
			remoteGlobalIDString = 0145EDA30A230CE875016E71F4B358F5;
			remoteInfo = SwiftyJSON;
		};
		0A93D0EF1C64ACA3006517AF /* PBXContainerItemProxy */ = {
			isa = PBXContainerItemProxy;
			containerPortal = 0A93D0AF1C63A4BD006517AF /* Pods.xcodeproj */;
			proxyType = 2;
			remoteGlobalIDString = EFD118C5BA4A963241D0B0B17B6C08E3;
			remoteInfo = OMGHTTPURLRQ;
		};
		0A93D0F11C64ACA3006517AF /* PBXContainerItemProxy */ = {
			isa = PBXContainerItemProxy;
			containerPortal = 0A93D0AF1C63A4BD006517AF /* Pods.xcodeproj */;
			proxyType = 2;
			remoteGlobalIDString = 36AA8D892C6A88B730697DF5B04AB0A7;
			remoteInfo = PromiseKit;
		};
		0A93D0F91C64ACA3006517AF /* PBXContainerItemProxy */ = {
			isa = PBXContainerItemProxy;
			containerPortal = 0A93D0BE1C63A4D0006517AF /* Pods.xcodeproj */;
			proxyType = 2;
			remoteGlobalIDString = EFD118C5BA4A963241D0B0B17B6C08E3;
			remoteInfo = OMGHTTPURLRQ;
		};
		0A93D0FB1C64ACA3006517AF /* PBXContainerItemProxy */ = {
			isa = PBXContainerItemProxy;
			containerPortal = 0A93D0BE1C63A4D0006517AF /* Pods.xcodeproj */;
			proxyType = 2;
			remoteGlobalIDString = 36AA8D892C6A88B730697DF5B04AB0A7;
			remoteInfo = PromiseKit;
		};
		0A93D11B1C64D3B5006517AF /* PBXContainerItemProxy */ = {
			isa = PBXContainerItemProxy;
			containerPortal = 0A93D0AF1C63A4BD006517AF /* Pods.xcodeproj */;
			proxyType = 2;
			remoteGlobalIDString = 7D6C9E98F5EB5D9D7027BD9628D3E8D0;
			remoteInfo = ObjectMapper;
		};
		0A93D1241C64D3B5006517AF /* PBXContainerItemProxy */ = {
			isa = PBXContainerItemProxy;
			containerPortal = 0A93D0BE1C63A4D0006517AF /* Pods.xcodeproj */;
			proxyType = 2;
			remoteGlobalIDString = 7D6C9E98F5EB5D9D7027BD9628D3E8D0;
			remoteInfo = ObjectMapper;
		};
		B578AA2019F8332300A8C18E /* PBXContainerItemProxy */ = {
			isa = PBXContainerItemProxy;
			containerPortal = B578AA0219F8332300A8C18E /* Project object */;
			proxyType = 1;
			remoteGlobalIDString = B578AA0919F8332300A8C18E;
			remoteInfo = IOS_first;
		};
/* End PBXContainerItemProxy section */

/* Begin PBXCopyFilesBuildPhase section */
		B592E22D1A02BF2D00B8929F /* Copy Frameworks */ = {
			isa = PBXCopyFilesBuildPhase;
			buildActionMask = 2147483647;
			dstPath = "";
			dstSubfolderSpec = 10;
			files = (
			);
			name = "Copy Frameworks";
			runOnlyForDeploymentPostprocessing = 0;
		};
/* End PBXCopyFilesBuildPhase section */

/* Begin PBXFileReference section */
		0A93D0AD1C639DA2006517AF /* Podfile */ = {isa = PBXFileReference; fileEncoding = 4; lastKnownFileType = text; path = Podfile; sourceTree = SOURCE_ROOT; };
		0A93D0AF1C63A4BD006517AF /* Pods.xcodeproj */ = {isa = PBXFileReference; lastKnownFileType = "wrapper.pb-project"; name = Pods.xcodeproj; path = Pods/Pods.xcodeproj; sourceTree = "<group>"; };
		0A93D0BE1C63A4D0006517AF /* Pods.xcodeproj */ = {isa = PBXFileReference; lastKnownFileType = "wrapper.pb-project"; name = Pods.xcodeproj; path = Pods/Pods.xcodeproj; sourceTree = "<group>"; };
		0A93D0E01C63B100006517AF /* news.swift */ = {isa = PBXFileReference; fileEncoding = 4; lastKnownFileType = sourcecode.swift; path = news.swift; sourceTree = "<group>"; };
		0A93D0E21C63B10E006517AF /* articles.swift */ = {isa = PBXFileReference; fileEncoding = 4; lastKnownFileType = sourcecode.swift; path = articles.swift; sourceTree = "<group>"; };
		0A93D0E41C63B11E006517AF /* search.swift */ = {isa = PBXFileReference; fileEncoding = 4; lastKnownFileType = sourcecode.swift; path = search.swift; sourceTree = "<group>"; };
		0A93D10E1C64BD15006517AF /* item.swift */ = {isa = PBXFileReference; fileEncoding = 4; lastKnownFileType = sourcecode.swift; path = item.swift; sourceTree = "<group>"; };
		0A93D1121C64D3B4006517AF /* news_model.swift */ = {isa = PBXFileReference; fileEncoding = 4; lastKnownFileType = sourcecode.swift; path = news_model.swift; sourceTree = "<group>"; };
		0A93D1261C64D3CA006517AF /* articles_model.swift */ = {isa = PBXFileReference; fileEncoding = 4; lastKnownFileType = sourcecode.swift; path = articles_model.swift; sourceTree = "<group>"; };
		5167FCCA19F8EC46008AFF52 /* TableViewController.swift */ = {isa = PBXFileReference; fileEncoding = 4; lastKnownFileType = sourcecode.swift; path = TableViewController.swift; sourceTree = "<group>"; };
		5167FCCE19F92932008AFF52 /* JavaScriptCore.framework */ = {isa = PBXFileReference; lastKnownFileType = wrapper.framework; name = JavaScriptCore.framework; path = System/Library/Frameworks/JavaScriptCore.framework; sourceTree = SDKROOT; };
		5167FCD019F9293F008AFF52 /* UIKit.framework */ = {isa = PBXFileReference; lastKnownFileType = wrapper.framework; name = UIKit.framework; path = System/Library/Frameworks/UIKit.framework; sourceTree = SDKROOT; };
		51798A241A134ABF00B5FE48 /* DKDatePickerView.swift */ = {isa = PBXFileReference; fileEncoding = 4; lastKnownFileType = sourcecode.swift; path = DKDatePickerView.swift; sourceTree = "<group>"; };
		51798A2A1A14F47C00B5FE48 /* DKSearchFormDelegate.swift */ = {isa = PBXFileReference; fileEncoding = 4; lastKnownFileType = sourcecode.swift; path = DKSearchFormDelegate.swift; sourceTree = "<group>"; };
		77BD000212A6FDB9C51E2214 /* Pods.release.xcconfig */ = {isa = PBXFileReference; includeInIndex = 1; lastKnownFileType = text.xcconfig; name = Pods.release.xcconfig; path = "Pods/Target Support Files/Pods/Pods.release.xcconfig"; sourceTree = "<group>"; };
		B505CFB01A46F1C400BE1FCC /* adult.png */ = {isa = PBXFileReference; lastKnownFileType = image.png; path = adult.png; sourceTree = "<group>"; };
		B505CFB11A46F1C400BE1FCC /* children.png */ = {isa = PBXFileReference; lastKnownFileType = image.png; path = children.png; sourceTree = "<group>"; };
		B505CFB21A46F1C400BE1FCC /* Icon-Small-40@2x.png */ = {isa = PBXFileReference; lastKnownFileType = image.png; path = "Icon-Small-40@2x.png"; sourceTree = "<group>"; };
		B505CFB31A46F1C400BE1FCC /* infant.png */ = {isa = PBXFileReference; lastKnownFileType = image.png; path = infant.png; sourceTree = "<group>"; };
		B505CFB41A46F1C400BE1FCC /* no_photo_hotel.png */ = {isa = PBXFileReference; lastKnownFileType = image.png; path = no_photo_hotel.png; sourceTree = "<group>"; };
		B510C6BA1A0E21C5005D85C0 /* DKSearchFormController.swift */ = {isa = PBXFileReference; fileEncoding = 4; lastKnownFileType = sourcecode.swift; path = DKSearchFormController.swift; sourceTree = "<group>"; };
		B54E53A31A18A42D00EAE6BD /* QuartzCore.framework */ = {isa = PBXFileReference; lastKnownFileType = wrapper.framework; name = QuartzCore.framework; path = System/Library/Frameworks/QuartzCore.framework; sourceTree = SDKROOT; };
		B54E53AF1A18F8F800EAE6BD /* DKNotification.swift */ = {isa = PBXFileReference; fileEncoding = 4; lastKnownFileType = sourcecode.swift; path = DKNotification.swift; sourceTree = "<group>"; };
		B55595F91A04D4C500E22F9B /* utils.swift */ = {isa = PBXFileReference; fileEncoding = 4; lastKnownFileType = sourcecode.swift; path = utils.swift; sourceTree = "<group>"; };
		B56090CA1A064CE4008DF0B3 /* filters.swift */ = {isa = PBXFileReference; fileEncoding = 4; lastKnownFileType = sourcecode.swift; path = filters.swift; sourceTree = "<group>"; };
		B56090CD1A065778008DF0B3 /* http.swift */ = {isa = PBXFileReference; fileEncoding = 4; lastKnownFileType = sourcecode.swift; path = http.swift; sourceTree = "<group>"; };
		B578AA0A19F8332300A8C18E /* IOS_first.app */ = {isa = PBXFileReference; explicitFileType = wrapper.application; includeInIndex = 0; path = IOS_first.app; sourceTree = BUILT_PRODUCTS_DIR; };
		B578AA0E19F8332300A8C18E /* Info.plist */ = {isa = PBXFileReference; lastKnownFileType = text.plist.xml; path = Info.plist; sourceTree = "<group>"; };
		B578AA0F19F8332300A8C18E /* AppDelegate.swift */ = {isa = PBXFileReference; lastKnownFileType = sourcecode.swift; path = AppDelegate.swift; sourceTree = "<group>"; };
		B578AA1119F8332300A8C18E /* ViewController.swift */ = {isa = PBXFileReference; lastKnownFileType = sourcecode.swift; path = ViewController.swift; sourceTree = "<group>"; };
		B578AA1419F8332300A8C18E /* Base */ = {isa = PBXFileReference; lastKnownFileType = file.storyboard; name = Base; path = Base.lproj/Main.storyboard; sourceTree = "<group>"; };
		B578AA1619F8332300A8C18E /* Images.xcassets */ = {isa = PBXFileReference; lastKnownFileType = folder.assetcatalog; path = Images.xcassets; sourceTree = "<group>"; };
		B578AA1919F8332300A8C18E /* Base */ = {isa = PBXFileReference; lastKnownFileType = file.xib; name = Base; path = Base.lproj/LaunchScreen.xib; sourceTree = "<group>"; };
		B578AA1F19F8332300A8C18E /* IOS_firstTests.xctest */ = {isa = PBXFileReference; explicitFileType = wrapper.cfbundle; includeInIndex = 0; path = IOS_firstTests.xctest; sourceTree = BUILT_PRODUCTS_DIR; };
		B578AA2419F8332300A8C18E /* Info.plist */ = {isa = PBXFileReference; lastKnownFileType = text.plist.xml; path = Info.plist; sourceTree = "<group>"; };
		B578AA2519F8332300A8C18E /* IOS_firstTests.swift */ = {isa = PBXFileReference; lastKnownFileType = sourcecode.swift; path = IOS_firstTests.swift; sourceTree = "<group>"; };
		B578AA5619F84BF200A8C18E /* CoreImage.framework */ = {isa = PBXFileReference; lastKnownFileType = wrapper.framework; name = CoreImage.framework; path = System/Library/Frameworks/CoreImage.framework; sourceTree = SDKROOT; };
		B5815F4B1A0ABD94004EDAA6 /* IOS_first-Bridging-Header.h */ = {isa = PBXFileReference; fileEncoding = 4; lastKnownFileType = sourcecode.c.h; path = "IOS_first-Bridging-Header.h"; sourceTree = "<group>"; };
		B583C94A1A08ADE1003EA493 /* activity_indicator.swift */ = {isa = PBXFileReference; fileEncoding = 4; lastKnownFileType = sourcecode.swift; path = activity_indicator.swift; sourceTree = "<group>"; };
		B5F6726D1A0F4A19001E90CA /* DKPopoverViewController.swift */ = {isa = PBXFileReference; fileEncoding = 4; lastKnownFileType = sourcecode.swift; path = DKPopoverViewController.swift; sourceTree = "<group>"; };
		CDA6D13F469AD3BF3EA46D8E /* Pods.debug.xcconfig */ = {isa = PBXFileReference; includeInIndex = 1; lastKnownFileType = text.xcconfig; name = Pods.debug.xcconfig; path = "Pods/Target Support Files/Pods/Pods.debug.xcconfig"; sourceTree = "<group>"; };
		ED85A53CDFF7AF39FAC37586 /* Pods.framework */ = {isa = PBXFileReference; explicitFileType = wrapper.framework; includeInIndex = 0; path = Pods.framework; sourceTree = BUILT_PRODUCTS_DIR; };
/* End PBXFileReference section */

/* Begin PBXFrameworksBuildPhase section */
		B578AA0719F8332300A8C18E /* Frameworks */ = {
			isa = PBXFrameworksBuildPhase;
			buildActionMask = 2147483647;
			files = (
				B54E53A41A18A42D00EAE6BD /* QuartzCore.framework in Frameworks */,
				5167FCD119F9293F008AFF52 /* UIKit.framework in Frameworks */,
				E2050808333ADE06D3874E44 /* Pods.framework in Frameworks */,
			);
			runOnlyForDeploymentPostprocessing = 0;
		};
		B578AA1C19F8332300A8C18E /* Frameworks */ = {
			isa = PBXFrameworksBuildPhase;
			buildActionMask = 2147483647;
			files = (
			);
			runOnlyForDeploymentPostprocessing = 0;
		};
/* End PBXFrameworksBuildPhase section */

/* Begin PBXGroup section */
		0A93D0B01C63A4BD006517AF /* Products */ = {
			isa = PBXGroup;
			children = (
				0A93D0B71C63A4BD006517AF /* Alamofire.framework */,
				0A93D11C1C64D3B5006517AF /* ObjectMapper.framework */,
				0A93D0F01C64ACA3006517AF /* OMGHTTPURLRQ.framework */,
				0A93D0B91C63A4BD006517AF /* Pods.framework */,
				0A93D0F21C64ACA3006517AF /* PromiseKit.framework */,
				0A93D0BB1C63A4BD006517AF /* SDWebImage.framework */,
				0A93D0BD1C63A4BD006517AF /* SwiftyJSON.framework */,
			);
			name = Products;
			sourceTree = "<group>";
		};
		0A93D0BF1C63A4D0006517AF /* Products */ = {
			isa = PBXGroup;
			children = (
				0A93D0C61C63A4D0006517AF /* Alamofire.framework */,
				0A93D1251C64D3B5006517AF /* ObjectMapper.framework */,
				0A93D0FA1C64ACA3006517AF /* OMGHTTPURLRQ.framework */,
				0A93D0C81C63A4D0006517AF /* Pods.framework */,
				0A93D0FC1C64ACA3006517AF /* PromiseKit.framework */,
				0A93D0CA1C63A4D0006517AF /* SDWebImage.framework */,
				0A93D0CC1C63A4D0006517AF /* SwiftyJSON.framework */,
			);
			name = Products;
			sourceTree = "<group>";
		};
		0A93D10D1C64BD01006517AF /* items_view */ = {
			isa = PBXGroup;
			children = (
				0A93D10E1C64BD15006517AF /* item.swift */,
			);
			name = items_view;
			sourceTree = "<group>";
		};
		260F71FF51EA1E330284AC26 /* Pods */ = {
			isa = PBXGroup;
			children = (
				CDA6D13F469AD3BF3EA46D8E /* Pods.debug.xcconfig */,
				77BD000212A6FDB9C51E2214 /* Pods.release.xcconfig */,
			);
			name = Pods;
			sourceTree = "<group>";
		};
		5167FCC919F8EC31008AFF52 /* components */ = {
			isa = PBXGroup;
			children = (
				0A93D10D1C64BD01006517AF /* items_view */,
				B510C6B81A0E2170005D85C0 /* search-form */,
				5167FCE019FFF979008AFF52 /* list-data */,
			);
			name = components;
			sourceTree = "<group>";
		};
		5167FCE019FFF979008AFF52 /* list-data */ = {
			isa = PBXGroup;
			children = (
				5167FCCA19F8EC46008AFF52 /* TableViewController.swift */,
			);
			name = "list-data";
			sourceTree = "<group>";
		};
		517C71F41A03E15A0084E6FE /* services */ = {
			isa = PBXGroup;
			children = (
				0A93D0E01C63B100006517AF /* news.swift */,
				0A93D0E21C63B10E006517AF /* articles.swift */,
				0A93D0E41C63B11E006517AF /* search.swift */,
			);
			name = services;
			sourceTree = "<group>";
		};
		B510C6B81A0E2170005D85C0 /* search-form */ = {
			isa = PBXGroup;
			children = (
				51798A241A134ABF00B5FE48 /* DKDatePickerView.swift */,
				B510C6BA1A0E21C5005D85C0 /* DKSearchFormController.swift */,
				B5F6726D1A0F4A19001E90CA /* DKPopoverViewController.swift */,
				51798A2A1A14F47C00B5FE48 /* DKSearchFormDelegate.swift */,
			);
			name = "search-form";
			sourceTree = "<group>";
		};
		B51FE9751A063D760078D92B /* models */ = {
			isa = PBXGroup;
			children = (
				B56090CA1A064CE4008DF0B3 /* filters.swift */,
				0A93D1121C64D3B4006517AF /* news_model.swift */,
				0A93D1261C64D3CA006517AF /* articles_model.swift */,
			);
			name = models;
			sourceTree = "<group>";
		};
		B51FE9761A063D810078D92B /* collection */ = {
			isa = PBXGroup;
			children = (
			);
			name = collection;
			sourceTree = "<group>";
		};
		B56090CC1A06574F008DF0B3 /* helpers */ = {
			isa = PBXGroup;
			children = (
				B55595F91A04D4C500E22F9B /* utils.swift */,
				B56090CD1A065778008DF0B3 /* http.swift */,
				B583C94A1A08ADE1003EA493 /* activity_indicator.swift */,
				B54E53AF1A18F8F800EAE6BD /* DKNotification.swift */,
			);
			name = helpers;
			sourceTree = "<group>";
		};
		B578AA0119F8332300A8C18E = {
			isa = PBXGroup;
			children = (
				5167FCD019F9293F008AFF52 /* UIKit.framework */,
				5167FCCE19F92932008AFF52 /* JavaScriptCore.framework */,
				B578AA5619F84BF200A8C18E /* CoreImage.framework */,
				B578AA0C19F8332300A8C18E /* IOS_first */,
				B578AA2219F8332300A8C18E /* IOS_firstTests */,
				B578AA0B19F8332300A8C18E /* Products */,
				260F71FF51EA1E330284AC26 /* Pods */,
				D70FF850D643C0D8F95071B6 /* Frameworks */,
			);
			sourceTree = "<group>";
		};
		B578AA0B19F8332300A8C18E /* Products */ = {
			isa = PBXGroup;
			children = (
				B578AA0A19F8332300A8C18E /* IOS_first.app */,
				B578AA1F19F8332300A8C18E /* IOS_firstTests.xctest */,
			);
			name = Products;
			sourceTree = "<group>";
		};
		B578AA0C19F8332300A8C18E /* IOS_first */ = {
			isa = PBXGroup;
			children = (
				0A93D0AD1C639DA2006517AF /* Podfile */,
				B5815F541A0AD9A8004EDAA6 /* images */,
				B5815F4B1A0ABD94004EDAA6 /* IOS_first-Bridging-Header.h */,
				B56090CC1A06574F008DF0B3 /* helpers */,
				B51FE9761A063D810078D92B /* collection */,
				B51FE9751A063D760078D92B /* models */,
				517C71F41A03E15A0084E6FE /* services */,
				5167FCC919F8EC31008AFF52 /* components */,
				B578AA0F19F8332300A8C18E /* AppDelegate.swift */,
				B578AA1119F8332300A8C18E /* ViewController.swift */,
				B578AA1319F8332300A8C18E /* Main.storyboard */,
				B578AA1619F8332300A8C18E /* Images.xcassets */,
				B578AA1819F8332300A8C18E /* LaunchScreen.xib */,
				B578AA0D19F8332300A8C18E /* Supporting Files */,
			);
			path = IOS_first;
			sourceTree = "<group>";
		};
		B578AA0D19F8332300A8C18E /* Supporting Files */ = {
			isa = PBXGroup;
			children = (
				B578AA0E19F8332300A8C18E /* Info.plist */,
			);
			name = "Supporting Files";
			sourceTree = "<group>";
		};
		B578AA2219F8332300A8C18E /* IOS_firstTests */ = {
			isa = PBXGroup;
			children = (
				B578AA2519F8332300A8C18E /* IOS_firstTests.swift */,
				B578AA2319F8332300A8C18E /* Supporting Files */,
			);
			path = IOS_firstTests;
			sourceTree = "<group>";
		};
		B578AA2319F8332300A8C18E /* Supporting Files */ = {
			isa = PBXGroup;
			children = (
				B578AA2419F8332300A8C18E /* Info.plist */,
			);
			name = "Supporting Files";
			sourceTree = "<group>";
		};
		B5815F541A0AD9A8004EDAA6 /* images */ = {
			isa = PBXGroup;
			children = (
				B505CFB01A46F1C400BE1FCC /* adult.png */,
				B505CFB11A46F1C400BE1FCC /* children.png */,
				B505CFB21A46F1C400BE1FCC /* Icon-Small-40@2x.png */,
				B505CFB31A46F1C400BE1FCC /* infant.png */,
				B505CFB41A46F1C400BE1FCC /* no_photo_hotel.png */,
			);
			path = images;
			sourceTree = SOURCE_ROOT;
		};
		D70FF850D643C0D8F95071B6 /* Frameworks */ = {
			isa = PBXGroup;
			children = (
				0A93D0BE1C63A4D0006517AF /* Pods.xcodeproj */,
				0A93D0AF1C63A4BD006517AF /* Pods.xcodeproj */,
				B54E53A31A18A42D00EAE6BD /* QuartzCore.framework */,
				ED85A53CDFF7AF39FAC37586 /* Pods.framework */,
			);
			name = Frameworks;
			sourceTree = "<group>";
		};
/* End PBXGroup section */

/* Begin PBXNativeTarget section */
		B578AA0919F8332300A8C18E /* IOS_first */ = {
			isa = PBXNativeTarget;
			buildConfigurationList = B578AA2919F8332300A8C18E /* Build configuration list for PBXNativeTarget "IOS_first" */;
			buildPhases = (
				DD791EB70F075DDFBCA45468 /* Check Pods Manifest.lock */,
				B578AA0619F8332300A8C18E /* Sources */,
				B578AA0719F8332300A8C18E /* Frameworks */,
				B578AA0819F8332300A8C18E /* Resources */,
				B592E22D1A02BF2D00B8929F /* Copy Frameworks */,
				800113BDD1D6E2A50626D5AC /* Copy Pods Resources */,
				7EE2D60112610EE99E7112F9 /* Embed Pods Frameworks */,
			);
			buildRules = (
			);
			dependencies = (
			);
			name = IOS_first;
			productName = IOS_first;
			productReference = B578AA0A19F8332300A8C18E /* IOS_first.app */;
			productType = "com.apple.product-type.application";
		};
		B578AA1E19F8332300A8C18E /* IOS_firstTests */ = {
			isa = PBXNativeTarget;
			buildConfigurationList = B578AA2C19F8332300A8C18E /* Build configuration list for PBXNativeTarget "IOS_firstTests" */;
			buildPhases = (
				B578AA1B19F8332300A8C18E /* Sources */,
				B578AA1C19F8332300A8C18E /* Frameworks */,
				B578AA1D19F8332300A8C18E /* Resources */,
			);
			buildRules = (
			);
			dependencies = (
				B578AA2119F8332300A8C18E /* PBXTargetDependency */,
			);
			name = IOS_firstTests;
			productName = IOS_firstTests;
			productReference = B578AA1F19F8332300A8C18E /* IOS_firstTests.xctest */;
			productType = "com.apple.product-type.bundle.unit-test";
		};
/* End PBXNativeTarget section */

/* Begin PBXProject section */
		B578AA0219F8332300A8C18E /* Project object */ = {
			isa = PBXProject;
			attributes = {
				LastSwiftUpdateCheck = 0720;
				LastUpgradeCheck = 0720;
				ORGANIZATIONNAME = "дмитрий кузнецов";
				TargetAttributes = {
					B578AA0919F8332300A8C18E = {
						CreatedOnToolsVersion = 6.1;
					};
					B578AA1E19F8332300A8C18E = {
						CreatedOnToolsVersion = 6.1;
						TestTargetID = B578AA0919F8332300A8C18E;
					};
				};
			};
			buildConfigurationList = B578AA0519F8332300A8C18E /* Build configuration list for PBXProject "IOS_first" */;
			compatibilityVersion = "Xcode 3.2";
			developmentRegion = English;
			hasScannedForEncodings = 0;
			knownRegions = (
				en,
				Base,
			);
			mainGroup = B578AA0119F8332300A8C18E;
			productRefGroup = B578AA0B19F8332300A8C18E /* Products */;
			projectDirPath = "";
			projectReferences = (
				{
					ProductGroup = 0A93D0B01C63A4BD006517AF /* Products */;
					ProjectRef = 0A93D0AF1C63A4BD006517AF /* Pods.xcodeproj */;
				},
				{
					ProductGroup = 0A93D0BF1C63A4D0006517AF /* Products */;
					ProjectRef = 0A93D0BE1C63A4D0006517AF /* Pods.xcodeproj */;
				},
			);
			projectRoot = "";
			targets = (
				B578AA0919F8332300A8C18E /* IOS_first */,
				B578AA1E19F8332300A8C18E /* IOS_firstTests */,
			);
		};
/* End PBXProject section */

/* Begin PBXReferenceProxy section */
		0A93D0B71C63A4BD006517AF /* Alamofire.framework */ = {
			isa = PBXReferenceProxy;
			fileType = wrapper.framework;
			path = Alamofire.framework;
			remoteRef = 0A93D0B61C63A4BD006517AF /* PBXContainerItemProxy */;
			sourceTree = BUILT_PRODUCTS_DIR;
		};
		0A93D0B91C63A4BD006517AF /* Pods.framework */ = {
			isa = PBXReferenceProxy;
			fileType = wrapper.framework;
			path = Pods.framework;
			remoteRef = 0A93D0B81C63A4BD006517AF /* PBXContainerItemProxy */;
			sourceTree = BUILT_PRODUCTS_DIR;
		};
		0A93D0BB1C63A4BD006517AF /* SDWebImage.framework */ = {
			isa = PBXReferenceProxy;
			fileType = wrapper.framework;
			path = SDWebImage.framework;
			remoteRef = 0A93D0BA1C63A4BD006517AF /* PBXContainerItemProxy */;
			sourceTree = BUILT_PRODUCTS_DIR;
		};
		0A93D0BD1C63A4BD006517AF /* SwiftyJSON.framework */ = {
			isa = PBXReferenceProxy;
			fileType = wrapper.framework;
			path = SwiftyJSON.framework;
			remoteRef = 0A93D0BC1C63A4BD006517AF /* PBXContainerItemProxy */;
			sourceTree = BUILT_PRODUCTS_DIR;
		};
		0A93D0C61C63A4D0006517AF /* Alamofire.framework */ = {
			isa = PBXReferenceProxy;
			fileType = wrapper.framework;
			path = Alamofire.framework;
			remoteRef = 0A93D0C51C63A4D0006517AF /* PBXContainerItemProxy */;
			sourceTree = BUILT_PRODUCTS_DIR;
		};
		0A93D0C81C63A4D0006517AF /* Pods.framework */ = {
			isa = PBXReferenceProxy;
			fileType = wrapper.framework;
			path = Pods.framework;
			remoteRef = 0A93D0C71C63A4D0006517AF /* PBXContainerItemProxy */;
			sourceTree = BUILT_PRODUCTS_DIR;
		};
		0A93D0CA1C63A4D0006517AF /* SDWebImage.framework */ = {
			isa = PBXReferenceProxy;
			fileType = wrapper.framework;
			path = SDWebImage.framework;
			remoteRef = 0A93D0C91C63A4D0006517AF /* PBXContainerItemProxy */;
			sourceTree = BUILT_PRODUCTS_DIR;
		};
		0A93D0CC1C63A4D0006517AF /* SwiftyJSON.framework */ = {
			isa = PBXReferenceProxy;
			fileType = wrapper.framework;
			path = SwiftyJSON.framework;
			remoteRef = 0A93D0CB1C63A4D0006517AF /* PBXContainerItemProxy */;
			sourceTree = BUILT_PRODUCTS_DIR;
		};
		0A93D0F01C64ACA3006517AF /* OMGHTTPURLRQ.framework */ = {
			isa = PBXReferenceProxy;
			fileType = wrapper.framework;
			path = OMGHTTPURLRQ.framework;
			remoteRef = 0A93D0EF1C64ACA3006517AF /* PBXContainerItemProxy */;
			sourceTree = BUILT_PRODUCTS_DIR;
		};
		0A93D0F21C64ACA3006517AF /* PromiseKit.framework */ = {
			isa = PBXReferenceProxy;
			fileType = wrapper.framework;
			path = PromiseKit.framework;
			remoteRef = 0A93D0F11C64ACA3006517AF /* PBXContainerItemProxy */;
			sourceTree = BUILT_PRODUCTS_DIR;
		};
		0A93D0FA1C64ACA3006517AF /* OMGHTTPURLRQ.framework */ = {
			isa = PBXReferenceProxy;
			fileType = wrapper.framework;
			path = OMGHTTPURLRQ.framework;
			remoteRef = 0A93D0F91C64ACA3006517AF /* PBXContainerItemProxy */;
			sourceTree = BUILT_PRODUCTS_DIR;
		};
		0A93D0FC1C64ACA3006517AF /* PromiseKit.framework */ = {
			isa = PBXReferenceProxy;
			fileType = wrapper.framework;
			path = PromiseKit.framework;
			remoteRef = 0A93D0FB1C64ACA3006517AF /* PBXContainerItemProxy */;
			sourceTree = BUILT_PRODUCTS_DIR;
		};
		0A93D11C1C64D3B5006517AF /* ObjectMapper.framework */ = {
			isa = PBXReferenceProxy;
			fileType = wrapper.framework;
			path = ObjectMapper.framework;
			remoteRef = 0A93D11B1C64D3B5006517AF /* PBXContainerItemProxy */;
			sourceTree = BUILT_PRODUCTS_DIR;
		};
		0A93D1251C64D3B5006517AF /* ObjectMapper.framework */ = {
			isa = PBXReferenceProxy;
			fileType = wrapper.framework;
			path = ObjectMapper.framework;
			remoteRef = 0A93D1241C64D3B5006517AF /* PBXContainerItemProxy */;
			sourceTree = BUILT_PRODUCTS_DIR;
		};
/* End PBXReferenceProxy section */

/* Begin PBXResourcesBuildPhase section */
		B578AA0819F8332300A8C18E /* Resources */ = {
			isa = PBXResourcesBuildPhase;
			buildActionMask = 2147483647;
			files = (
				B5DDFBC81A08D4BC00B2339A /* http.swift in Resources */,
				B505CFB51A46F1C400BE1FCC /* adult.png in Resources */,
				B5DDFBC71A08D4BC00B2339A /* utils.swift in Resources */,
				B5DDFBC91A08D4BC00B2339A /* activity_indicator.swift in Resources */,
				B505CFB61A46F1C400BE1FCC /* children.png in Resources */,
				B578AA1519F8332300A8C18E /* Main.storyboard in Resources */,
				0A93D0AE1C639DA2006517AF /* Podfile in Resources */,
				B505CFB71A46F1C400BE1FCC /* Icon-Small-40@2x.png in Resources */,
				B505CFB81A46F1C400BE1FCC /* infant.png in Resources */,
				B578AA1A19F8332300A8C18E /* LaunchScreen.xib in Resources */,
				B578AA1719F8332300A8C18E /* Images.xcassets in Resources */,
				B505CFB91A46F1C400BE1FCC /* no_photo_hotel.png in Resources */,
			);
			runOnlyForDeploymentPostprocessing = 0;
		};
		B578AA1D19F8332300A8C18E /* Resources */ = {
			isa = PBXResourcesBuildPhase;
			buildActionMask = 2147483647;
			files = (
			);
			runOnlyForDeploymentPostprocessing = 0;
		};
/* End PBXResourcesBuildPhase section */

/* Begin PBXShellScriptBuildPhase section */
		7EE2D60112610EE99E7112F9 /* Embed Pods Frameworks */ = {
			isa = PBXShellScriptBuildPhase;
			buildActionMask = 2147483647;
			files = (
			);
			inputPaths = (
			);
			name = "Embed Pods Frameworks";
			outputPaths = (
			);
			runOnlyForDeploymentPostprocessing = 0;
			shellPath = /bin/sh;
			shellScript = "\"${SRCROOT}/Pods/Target Support Files/Pods/Pods-frameworks.sh\"\n";
			showEnvVarsInLog = 0;
		};
		800113BDD1D6E2A50626D5AC /* Copy Pods Resources */ = {
			isa = PBXShellScriptBuildPhase;
			buildActionMask = 12;
			files = (
			);
			inputPaths = (
			);
			name = "Copy Pods Resources";
			outputPaths = (
			);
			runOnlyForDeploymentPostprocessing = 0;
			shellPath = /bin/sh;
			shellScript = "\"${SRCROOT}/Pods/Target Support Files/Pods/Pods-resources.sh\"\n";
		};
		DD791EB70F075DDFBCA45468 /* Check Pods Manifest.lock */ = {
			isa = PBXShellScriptBuildPhase;
			buildActionMask = 2147483647;
			files = (
			);
			inputPaths = (
			);
			name = "Check Pods Manifest.lock";
			outputPaths = (
			);
			runOnlyForDeploymentPostprocessing = 0;
			shellPath = /bin/sh;
			shellScript = "diff \"${PODS_ROOT}/../Podfile.lock\" \"${PODS_ROOT}/Manifest.lock\" > /dev/null\nif [[ $? != 0 ]] ; then\n    cat << EOM\nerror: The sandbox is not in sync with the Podfile.lock. Run 'pod install' or update your CocoaPods installation.\nEOM\n    exit 1\nfi\n";
			showEnvVarsInLog = 0;
		};
/* End PBXShellScriptBuildPhase section */

/* Begin PBXSourcesBuildPhase section */
		B578AA0619F8332300A8C18E /* Sources */ = {
			isa = PBXSourcesBuildPhase;
			buildActionMask = 2147483647;
			files = (
				B54E53B01A18F8F800EAE6BD /* DKNotification.swift in Sources */,
				51798A251A134ABF00B5FE48 /* DKDatePickerView.swift in Sources */,
				B5F6726E1A0F4A19001E90CA /* DKPopoverViewController.swift in Sources */,
				0A93D0E61C649F05006517AF /* http.swift in Sources */,
				0A93D10F1C64BD15006517AF /* item.swift in Sources */,
				B510C6BB1A0E21C5005D85C0 /* DKSearchFormController.swift in Sources */,
				B578AA1219F8332300A8C18E /* ViewController.swift in Sources */,
				B583C94B1A08ADE1003EA493 /* activity_indicator.swift in Sources */,
				B578AA1019F8332300A8C18E /* AppDelegate.swift in Sources */,
				5167FCCB19F8EC46008AFF52 /* TableViewController.swift in Sources */,
				0A93D0E51C63B11E006517AF /* search.swift in Sources */,
				0A93D0E31C63B10E006517AF /* articles.swift in Sources */,
				0A93D1271C64D3CA006517AF /* articles_model.swift in Sources */,
				51798A2B1A14F47C00B5FE48 /* DKSearchFormDelegate.swift in Sources */,
				0A93D0E11C63B100006517AF /* news.swift in Sources */,
				0A93D1131C64D3B4006517AF /* news_model.swift in Sources */,
				B56090CB1A064CE4008DF0B3 /* filters.swift in Sources */,
				B55595FA1A04D4C500E22F9B /* utils.swift in Sources */,
			);
			runOnlyForDeploymentPostprocessing = 0;
		};
		B578AA1B19F8332300A8C18E /* Sources */ = {
			isa = PBXSourcesBuildPhase;
			buildActionMask = 2147483647;
			files = (
				B578AA2619F8332300A8C18E /* IOS_firstTests.swift in Sources */,
			);
			runOnlyForDeploymentPostprocessing = 0;
		};
/* End PBXSourcesBuildPhase section */

/* Begin PBXTargetDependency section */
		B578AA2119F8332300A8C18E /* PBXTargetDependency */ = {
			isa = PBXTargetDependency;
			target = B578AA0919F8332300A8C18E /* IOS_first */;
			targetProxy = B578AA2019F8332300A8C18E /* PBXContainerItemProxy */;
		};
/* End PBXTargetDependency section */

/* Begin PBXVariantGroup section */
		B578AA1319F8332300A8C18E /* Main.storyboard */ = {
			isa = PBXVariantGroup;
			children = (
				B578AA1419F8332300A8C18E /* Base */,
			);
			name = Main.storyboard;
			sourceTree = "<group>";
		};
		B578AA1819F8332300A8C18E /* LaunchScreen.xib */ = {
			isa = PBXVariantGroup;
			children = (
				B578AA1919F8332300A8C18E /* Base */,
			);
			name = LaunchScreen.xib;
			sourceTree = "<group>";
		};
/* End PBXVariantGroup section */

/* Begin XCBuildConfiguration section */
		B578AA2719F8332300A8C18E /* Debug */ = {
			isa = XCBuildConfiguration;
			buildSettings = {
				ALWAYS_SEARCH_USER_PATHS = NO;
				CLANG_CXX_LANGUAGE_STANDARD = "gnu++0x";
				CLANG_CXX_LIBRARY = "libc++";
				CLANG_ENABLE_MODULES = YES;
				CLANG_ENABLE_OBJC_ARC = YES;
				CLANG_WARN_BOOL_CONVERSION = YES;
				CLANG_WARN_CONSTANT_CONVERSION = YES;
				CLANG_WARN_DIRECT_OBJC_ISA_USAGE = YES_ERROR;
				CLANG_WARN_EMPTY_BODY = YES;
				CLANG_WARN_ENUM_CONVERSION = YES;
				CLANG_WARN_INT_CONVERSION = YES;
				CLANG_WARN_OBJC_ROOT_CLASS = YES_ERROR;
				CLANG_WARN_UNREACHABLE_CODE = YES;
				CLANG_WARN__DUPLICATE_METHOD_MATCH = YES;
				"CODE_SIGN_IDENTITY[sdk=iphoneos*]" = "iPhone Developer";
				COPY_PHASE_STRIP = NO;
				DEFINES_MODULE = YES;
				ENABLE_STRICT_OBJC_MSGSEND = YES;
				ENABLE_TESTABILITY = YES;
				GCC_C_LANGUAGE_STANDARD = gnu99;
				GCC_DYNAMIC_NO_PIC = NO;
				GCC_OPTIMIZATION_LEVEL = 0;
				GCC_PREPROCESSOR_DEFINITIONS = (
					"DEBUG=1",
					"$(inherited)",
				);
				GCC_SYMBOLS_PRIVATE_EXTERN = NO;
				GCC_WARN_64_TO_32_BIT_CONVERSION = YES;
				GCC_WARN_ABOUT_RETURN_TYPE = YES_ERROR;
				GCC_WARN_UNDECLARED_SELECTOR = YES;
				GCC_WARN_UNINITIALIZED_AUTOS = YES_AGGRESSIVE;
				GCC_WARN_UNUSED_FUNCTION = YES;
				GCC_WARN_UNUSED_VARIABLE = YES;
				IPHONEOS_DEPLOYMENT_TARGET = 8.1;
				MTL_ENABLE_DEBUG_INFO = YES;
				ONLY_ACTIVE_ARCH = YES;
				SDKROOT = iphoneos;
				SWIFT_OPTIMIZATION_LEVEL = "-Onone";
				TARGETED_DEVICE_FAMILY = "1,2";
			};
			name = Debug;
		};
		B578AA2819F8332300A8C18E /* Release */ = {
			isa = XCBuildConfiguration;
			buildSettings = {
				ALWAYS_SEARCH_USER_PATHS = NO;
				CLANG_CXX_LANGUAGE_STANDARD = "gnu++0x";
				CLANG_CXX_LIBRARY = "libc++";
				CLANG_ENABLE_MODULES = YES;
				CLANG_ENABLE_OBJC_ARC = YES;
				CLANG_WARN_BOOL_CONVERSION = YES;
				CLANG_WARN_CONSTANT_CONVERSION = YES;
				CLANG_WARN_DIRECT_OBJC_ISA_USAGE = YES_ERROR;
				CLANG_WARN_EMPTY_BODY = YES;
				CLANG_WARN_ENUM_CONVERSION = YES;
				CLANG_WARN_INT_CONVERSION = YES;
				CLANG_WARN_OBJC_ROOT_CLASS = YES_ERROR;
				CLANG_WARN_UNREACHABLE_CODE = YES;
				CLANG_WARN__DUPLICATE_METHOD_MATCH = YES;
				"CODE_SIGN_IDENTITY[sdk=iphoneos*]" = "iPhone Developer";
				COPY_PHASE_STRIP = YES;
				DEFINES_MODULE = YES;
				ENABLE_NS_ASSERTIONS = NO;
				ENABLE_STRICT_OBJC_MSGSEND = YES;
				GCC_C_LANGUAGE_STANDARD = gnu99;
				GCC_WARN_64_TO_32_BIT_CONVERSION = YES;
				GCC_WARN_ABOUT_RETURN_TYPE = YES_ERROR;
				GCC_WARN_UNDECLARED_SELECTOR = YES;
				GCC_WARN_UNINITIALIZED_AUTOS = YES_AGGRESSIVE;
				GCC_WARN_UNUSED_FUNCTION = YES;
				GCC_WARN_UNUSED_VARIABLE = YES;
				IPHONEOS_DEPLOYMENT_TARGET = 8.1;
				MTL_ENABLE_DEBUG_INFO = NO;
				SDKROOT = iphoneos;
				TARGETED_DEVICE_FAMILY = "1,2";
				VALIDATE_PRODUCT = YES;
			};
			name = Release;
		};
		B578AA2A19F8332300A8C18E /* Debug */ = {
			isa = XCBuildConfiguration;
			baseConfigurationReference = CDA6D13F469AD3BF3EA46D8E /* Pods.debug.xcconfig */;
			buildSettings = {
				ASSETCATALOG_COMPILER_APPICON_NAME = AppIcon;
				ASSETCATALOG_COMPILER_LAUNCHIMAGE_NAME = LaunchImage;
				CLANG_ENABLE_MODULES = YES;
				CODE_SIGN_IDENTITY = "iPhone Developer";
				INFOPLIST_FILE = IOS_first/Info.plist;
				IPHONEOS_DEPLOYMENT_TARGET = 9.0;
				LD_RUNPATH_SEARCH_PATHS = "$(inherited) @executable_path/Frameworks";
				PRODUCT_BUNDLE_IDENTIFIER = "batmandarkside.$(PRODUCT_NAME:rfc1034identifier)";
				PRODUCT_NAME = "$(TARGET_NAME)";
				SWIFT_OBJC_BRIDGING_HEADER = "IOS_first/IOS_first-Bridging-Header.h";
				SWIFT_OPTIMIZATION_LEVEL = "-Onone";
				TARGETED_DEVICE_FAMILY = 1;
			};
			name = Debug;
		};
		B578AA2B19F8332300A8C18E /* Release */ = {
			isa = XCBuildConfiguration;
			baseConfigurationReference = 77BD000212A6FDB9C51E2214 /* Pods.release.xcconfig */;
			buildSettings = {
				ASSETCATALOG_COMPILER_APPICON_NAME = AppIcon;
				ASSETCATALOG_COMPILER_LAUNCHIMAGE_NAME = LaunchImage;
				CLANG_ENABLE_MODULES = YES;
				CODE_SIGN_IDENTITY = "iPhone Developer";
				INFOPLIST_FILE = IOS_first/Info.plist;
				IPHONEOS_DEPLOYMENT_TARGET = 9.0;
				LD_RUNPATH_SEARCH_PATHS = "$(inherited) @executable_path/Frameworks";
				PRODUCT_BUNDLE_IDENTIFIER = "batmandarkside.$(PRODUCT_NAME:rfc1034identifier)";
				PRODUCT_NAME = "$(TARGET_NAME)";
				SWIFT_OBJC_BRIDGING_HEADER = "IOS_first/IOS_first-Bridging-Header.h";
				TARGETED_DEVICE_FAMILY = 1;
			};
			name = Release;
		};
		B578AA2D19F8332300A8C18E /* Debug */ = {
			isa = XCBuildConfiguration;
			buildSettings = {
				BUNDLE_LOADER = "$(TEST_HOST)";
				FRAMEWORK_SEARCH_PATHS = (
					"$(SDKROOT)/Developer/Library/Frameworks",
					"$(inherited)",
				);
				GCC_PREPROCESSOR_DEFINITIONS = (
					"DEBUG=1",
					"$(inherited)",
				);
				INFOPLIST_FILE = IOS_firstTests/Info.plist;
				LD_RUNPATH_SEARCH_PATHS = "$(inherited) @executable_path/Frameworks @loader_path/Frameworks";
				PRODUCT_BUNDLE_IDENTIFIER = "batmandarkside.$(PRODUCT_NAME:rfc1034identifier)";
				PRODUCT_NAME = "$(TARGET_NAME)";
				TEST_HOST = "$(BUILT_PRODUCTS_DIR)/IOS_first.app/IOS_first";
			};
			name = Debug;
		};
		B578AA2E19F8332300A8C18E /* Release */ = {
			isa = XCBuildConfiguration;
			buildSettings = {
				BUNDLE_LOADER = "$(TEST_HOST)";
				FRAMEWORK_SEARCH_PATHS = (
					"$(SDKROOT)/Developer/Library/Frameworks",
					"$(inherited)",
				);
				INFOPLIST_FILE = IOS_firstTests/Info.plist;
				LD_RUNPATH_SEARCH_PATHS = "$(inherited) @executable_path/Frameworks @loader_path/Frameworks";
				PRODUCT_BUNDLE_IDENTIFIER = "batmandarkside.$(PRODUCT_NAME:rfc1034identifier)";
				PRODUCT_NAME = "$(TARGET_NAME)";
				TEST_HOST = "$(BUILT_PRODUCTS_DIR)/IOS_first.app/IOS_first";
			};
			name = Release;
		};
/* End XCBuildConfiguration section */

/* Begin XCConfigurationList section */
		B578AA0519F8332300A8C18E /* Build configuration list for PBXProject "IOS_first" */ = {
			isa = XCConfigurationList;
			buildConfigurations = (
				B578AA2719F8332300A8C18E /* Debug */,
				B578AA2819F8332300A8C18E /* Release */,
			);
			defaultConfigurationIsVisible = 0;
			defaultConfigurationName = Release;
		};
		B578AA2919F8332300A8C18E /* Build configuration list for PBXNativeTarget "IOS_first" */ = {
			isa = XCConfigurationList;
			buildConfigurations = (
				B578AA2A19F8332300A8C18E /* Debug */,
				B578AA2B19F8332300A8C18E /* Release */,
			);
			defaultConfigurationIsVisible = 0;
			defaultConfigurationName = Release;
		};
		B578AA2C19F8332300A8C18E /* Build configuration list for PBXNativeTarget "IOS_firstTests" */ = {
			isa = XCConfigurationList;
			buildConfigurations = (
				B578AA2D19F8332300A8C18E /* Debug */,
				B578AA2E19F8332300A8C18E /* Release */,
			);
			defaultConfigurationIsVisible = 0;
			defaultConfigurationName = Release;
		};
/* End XCConfigurationList section */
	};
	rootObject = B578AA0219F8332300A8C18E /* Project object */;
}
