// !$*UTF8*$!
{
	archiveVersion = 1;
	classes = {
	};
	objectVersion = 46;
	objects = {

/* Begin PBXBuildFile section */
		4E6BC3753C5D5365F2064E81 /* libPods.a in Frameworks */ = {isa = PBXBuildFile; fileRef = F3BFF313CACF6FE26B4DCB45 /* libPods.a */; };
		5143C3381A000B9A0084366B /* DKViewControllerImageCollection.swift in Sources */ = {isa = PBXBuildFile; fileRef = 5143C3371A000B9A0084366B /* DKViewControllerImageCollection.swift */; };
		5167FCCB19F8EC46008AFF52 /* TableViewController.swift in Sources */ = {isa = PBXBuildFile; fileRef = 5167FCCA19F8EC46008AFF52 /* TableViewController.swift */; };
		5167FCCF19F92932008AFF52 /* JavaScriptCore.framework in Frameworks */ = {isa = PBXBuildFile; fileRef = 5167FCCE19F92932008AFF52 /* JavaScriptCore.framework */; };
		5167FCD119F9293F008AFF52 /* UIKit.framework in Frameworks */ = {isa = PBXBuildFile; fileRef = 5167FCD019F9293F008AFF52 /* UIKit.framework */; };
		5167FCDC19FFF5BB008AFF52 /* DKViewControllerImages.swift in Sources */ = {isa = PBXBuildFile; fileRef = 5167FCDB19FFF5BB008AFF52 /* DKViewControllerImages.swift */; };
		5167FCDE19FFF5F1008AFF52 /* DKImageCell.swift in Sources */ = {isa = PBXBuildFile; fileRef = 5167FCDD19FFF5F1008AFF52 /* DKImageCell.swift */; };
		517C71F71A03E2EF0084E6FE /* services.dp.swift in Sources */ = {isa = PBXBuildFile; fileRef = 517C71F61A03E2EF0084E6FE /* services.dp.swift */; };
		B55595FA1A04D4C500E22F9B /* Utils.swift in Sources */ = {isa = PBXBuildFile; fileRef = B55595F91A04D4C500E22F9B /* Utils.swift */; };
		B56090CB1A064CE4008DF0B3 /* filters.swift in Sources */ = {isa = PBXBuildFile; fileRef = B56090CA1A064CE4008DF0B3 /* filters.swift */; };
		B56090CE1A065778008DF0B3 /* HttpHelper.swift in Sources */ = {isa = PBXBuildFile; fileRef = B56090CD1A065778008DF0B3 /* HttpHelper.swift */; };
		B578AA1019F8332300A8C18E /* AppDelegate.swift in Sources */ = {isa = PBXBuildFile; fileRef = B578AA0F19F8332300A8C18E /* AppDelegate.swift */; };
		B578AA1219F8332300A8C18E /* ViewController.swift in Sources */ = {isa = PBXBuildFile; fileRef = B578AA1119F8332300A8C18E /* ViewController.swift */; };
		B578AA1519F8332300A8C18E /* Main.storyboard in Resources */ = {isa = PBXBuildFile; fileRef = B578AA1319F8332300A8C18E /* Main.storyboard */; };
		B578AA1719F8332300A8C18E /* Images.xcassets in Resources */ = {isa = PBXBuildFile; fileRef = B578AA1619F8332300A8C18E /* Images.xcassets */; };
		B578AA1A19F8332300A8C18E /* LaunchScreen.xib in Resources */ = {isa = PBXBuildFile; fileRef = B578AA1819F8332300A8C18E /* LaunchScreen.xib */; };
		B578AA2619F8332300A8C18E /* IOS_firstTests.swift in Sources */ = {isa = PBXBuildFile; fileRef = B578AA2519F8332300A8C18E /* IOS_firstTests.swift */; };
		B578AA5719F84BF200A8C18E /* CoreImage.framework in Frameworks */ = {isa = PBXBuildFile; fileRef = B578AA5619F84BF200A8C18E /* CoreImage.framework */; };
		B57A45151A06849E0047B7A6 /* HotelViewCell.swift in Sources */ = {isa = PBXBuildFile; fileRef = B57A45141A06849E0047B7A6 /* HotelViewCell.swift */; };
		B5815F5D1A0AD9A8004EDAA6 /* 07-map-marker@2x.png in Resources */ = {isa = PBXBuildFile; fileRef = B5815F551A0AD9A8004EDAA6 /* 07-map-marker@2x.png */; };
		B5815F5E1A0AD9A8004EDAA6 /* 50-beaker@2x.png in Resources */ = {isa = PBXBuildFile; fileRef = B5815F561A0AD9A8004EDAA6 /* 50-beaker@2x.png */; };
		B5815F5F1A0AD9A8004EDAA6 /* hotel-map-photo.jpg in Resources */ = {isa = PBXBuildFile; fileRef = B5815F571A0AD9A8004EDAA6 /* hotel-map-photo.jpg */; };
		B5815F601A0AD9A8004EDAA6 /* hotel.jpg in Resources */ = {isa = PBXBuildFile; fileRef = B5815F581A0AD9A8004EDAA6 /* hotel.jpg */; };
		B5815F611A0AD9A8004EDAA6 /* hotel.png in Resources */ = {isa = PBXBuildFile; fileRef = B5815F591A0AD9A8004EDAA6 /* hotel.png */; };
		B5815F621A0AD9A8004EDAA6 /* no_photo_hotel.png in Resources */ = {isa = PBXBuildFile; fileRef = B5815F5A1A0AD9A8004EDAA6 /* no_photo_hotel.png */; };
		B5815F631A0AD9A8004EDAA6 /* test.jpg in Resources */ = {isa = PBXBuildFile; fileRef = B5815F5B1A0AD9A8004EDAA6 /* test.jpg */; };
		B5815F641A0AD9A8004EDAA6 /* test.png in Resources */ = {isa = PBXBuildFile; fileRef = B5815F5C1A0AD9A8004EDAA6 /* test.png */; };
		B583C94B1A08ADE1003EA493 /* ActivityIndicator.swift in Sources */ = {isa = PBXBuildFile; fileRef = B583C94A1A08ADE1003EA493 /* ActivityIndicator.swift */; };
		B590762F1A0AB8D2005B0410 /* ModelHotel.swift in Sources */ = {isa = PBXBuildFile; fileRef = B51FE97A1A063DAD0078D92B /* ModelHotel.swift */; };
		B5DDFBAF1A08C62500B2339A /* SwiftyJSON.framework in Copy Frameworks */ = {isa = PBXBuildFile; fileRef = B5DDFBAA1A08C61700B2339A /* SwiftyJSON.framework */; settings = {ATTRIBUTES = (CodeSignOnCopy, RemoveHeadersOnCopy, ); }; };
		B5DDFBC21A08C70300B2339A /* Alamofire.framework in Copy Frameworks */ = {isa = PBXBuildFile; fileRef = B5DDFBBD1A08C6F300B2339A /* Alamofire.framework */; settings = {ATTRIBUTES = (CodeSignOnCopy, RemoveHeadersOnCopy, ); }; };
		B5DDFBC51A08D4AF00B2339A /* HotelViewCell.swift in Resources */ = {isa = PBXBuildFile; fileRef = B57A45141A06849E0047B7A6 /* HotelViewCell.swift */; };
		B5DDFBC71A08D4BC00B2339A /* Utils.swift in Resources */ = {isa = PBXBuildFile; fileRef = B55595F91A04D4C500E22F9B /* Utils.swift */; };
		B5DDFBC81A08D4BC00B2339A /* HttpHelper.swift in Resources */ = {isa = PBXBuildFile; fileRef = B56090CD1A065778008DF0B3 /* HttpHelper.swift */; };
		B5DDFBC91A08D4BC00B2339A /* ActivityIndicator.swift in Resources */ = {isa = PBXBuildFile; fileRef = B583C94A1A08ADE1003EA493 /* ActivityIndicator.swift */; };
		B5DDFBCC1A08D52D00B2339A /* services.dp.swift in Resources */ = {isa = PBXBuildFile; fileRef = 517C71F61A03E2EF0084E6FE /* services.dp.swift */; };
		B5DDFBD21A08DCED00B2339A /* ModelHotel.swift in Resources */ = {isa = PBXBuildFile; fileRef = B51FE97A1A063DAD0078D92B /* ModelHotel.swift */; };
		B5DDFBD51A08E05900B2339A /* CollectionHotels.swift in Resources */ = {isa = PBXBuildFile; fileRef = B51FE97C1A063DB20078D92B /* CollectionHotels.swift */; };
		B5DDFBD61A08E06D00B2339A /* CollectionHotels.swift in Sources */ = {isa = PBXBuildFile; fileRef = B51FE97C1A063DB20078D92B /* CollectionHotels.swift */; };
/* End PBXBuildFile section */

/* Begin PBXContainerItemProxy section */
		B578AA2019F8332300A8C18E /* PBXContainerItemProxy */ = {
			isa = PBXContainerItemProxy;
			containerPortal = B578AA0219F8332300A8C18E /* Project object */;
			proxyType = 1;
			remoteGlobalIDString = B578AA0919F8332300A8C18E;
			remoteInfo = IOS_first;
		};
		B5DDFBA91A08C61700B2339A /* PBXContainerItemProxy */ = {
			isa = PBXContainerItemProxy;
			containerPortal = B5DDFBA31A08C61700B2339A /* SwiftyJSON.xcodeproj */;
			proxyType = 2;
			remoteGlobalIDString = 2E4FEFDB19575BE100351305;
			remoteInfo = SwiftyJSON;
		};
		B5DDFBAB1A08C61700B2339A /* PBXContainerItemProxy */ = {
			isa = PBXContainerItemProxy;
			containerPortal = B5DDFBA31A08C61700B2339A /* SwiftyJSON.xcodeproj */;
			proxyType = 2;
			remoteGlobalIDString = 2E4FEFE619575BE100351305;
			remoteInfo = SwiftyJSONTests;
		};
		B5DDFBAD1A08C61F00B2339A /* PBXContainerItemProxy */ = {
			isa = PBXContainerItemProxy;
			containerPortal = B5DDFBA31A08C61700B2339A /* SwiftyJSON.xcodeproj */;
			proxyType = 1;
			remoteGlobalIDString = 2E4FEFDA19575BE100351305;
			remoteInfo = SwiftyJSON;
		};
		B5DDFBBC1A08C6F300B2339A /* PBXContainerItemProxy */ = {
			isa = PBXContainerItemProxy;
			containerPortal = B5DDFBB71A08C6F300B2339A /* Alamofire.xcodeproj */;
			proxyType = 2;
			remoteGlobalIDString = F8111E3319A95C8B0040E7D1;
			remoteInfo = Alamofire;
		};
		B5DDFBBE1A08C6F300B2339A /* PBXContainerItemProxy */ = {
			isa = PBXContainerItemProxy;
			containerPortal = B5DDFBB71A08C6F300B2339A /* Alamofire.xcodeproj */;
			proxyType = 2;
			remoteGlobalIDString = F8111E3E19A95C8B0040E7D1;
			remoteInfo = AlamofireTests;
		};
		B5DDFBC01A08C6FA00B2339A /* PBXContainerItemProxy */ = {
			isa = PBXContainerItemProxy;
			containerPortal = B5DDFBB71A08C6F300B2339A /* Alamofire.xcodeproj */;
			proxyType = 1;
			remoteGlobalIDString = F8111E3219A95C8B0040E7D1;
			remoteInfo = Alamofire;
		};
/* End PBXContainerItemProxy section */

/* Begin PBXCopyFilesBuildPhase section */
		B592E22D1A02BF2D00B8929F /* Copy Frameworks */ = {
			isa = PBXCopyFilesBuildPhase;
			buildActionMask = 2147483647;
			dstPath = "";
			dstSubfolderSpec = 10;
			files = (
				B5DDFBC21A08C70300B2339A /* Alamofire.framework in Copy Frameworks */,
				B5DDFBAF1A08C62500B2339A /* SwiftyJSON.framework in Copy Frameworks */,
			);
			name = "Copy Frameworks";
			runOnlyForDeploymentPostprocessing = 0;
		};
/* End PBXCopyFilesBuildPhase section */

/* Begin PBXFileReference section */
		5143C3371A000B9A0084366B /* DKViewControllerImageCollection.swift */ = {isa = PBXFileReference; fileEncoding = 4; lastKnownFileType = sourcecode.swift; path = DKViewControllerImageCollection.swift; sourceTree = "<group>"; };
		5167FCCA19F8EC46008AFF52 /* TableViewController.swift */ = {isa = PBXFileReference; fileEncoding = 4; lastKnownFileType = sourcecode.swift; path = TableViewController.swift; sourceTree = "<group>"; };
		5167FCCE19F92932008AFF52 /* JavaScriptCore.framework */ = {isa = PBXFileReference; lastKnownFileType = wrapper.framework; name = JavaScriptCore.framework; path = System/Library/Frameworks/JavaScriptCore.framework; sourceTree = SDKROOT; };
		5167FCD019F9293F008AFF52 /* UIKit.framework */ = {isa = PBXFileReference; lastKnownFileType = wrapper.framework; name = UIKit.framework; path = System/Library/Frameworks/UIKit.framework; sourceTree = SDKROOT; };
		5167FCDA19FA4944008AFF52 /* MyPlayground.playground */ = {isa = PBXFileReference; lastKnownFileType = file.playground; path = MyPlayground.playground; sourceTree = "<group>"; };
		5167FCDB19FFF5BB008AFF52 /* DKViewControllerImages.swift */ = {isa = PBXFileReference; fileEncoding = 4; lastKnownFileType = sourcecode.swift; path = DKViewControllerImages.swift; sourceTree = "<group>"; };
		5167FCDD19FFF5F1008AFF52 /* DKImageCell.swift */ = {isa = PBXFileReference; fileEncoding = 4; lastKnownFileType = sourcecode.swift; path = DKImageCell.swift; sourceTree = "<group>"; };
		517C71F61A03E2EF0084E6FE /* services.dp.swift */ = {isa = PBXFileReference; fileEncoding = 4; lastKnownFileType = sourcecode.swift; path = services.dp.swift; sourceTree = "<group>"; };
		77BD000212A6FDB9C51E2214 /* Pods.release.xcconfig */ = {isa = PBXFileReference; includeInIndex = 1; lastKnownFileType = text.xcconfig; name = Pods.release.xcconfig; path = "Pods/Target Support Files/Pods/Pods.release.xcconfig"; sourceTree = "<group>"; };
		B51FE97A1A063DAD0078D92B /* ModelHotel.swift */ = {isa = PBXFileReference; fileEncoding = 4; lastKnownFileType = sourcecode.swift; path = ModelHotel.swift; sourceTree = "<group>"; };
		B51FE97C1A063DB20078D92B /* CollectionHotels.swift */ = {isa = PBXFileReference; fileEncoding = 4; lastKnownFileType = sourcecode.swift; path = CollectionHotels.swift; sourceTree = "<group>"; };
		B55595F91A04D4C500E22F9B /* Utils.swift */ = {isa = PBXFileReference; fileEncoding = 4; lastKnownFileType = sourcecode.swift; path = Utils.swift; sourceTree = "<group>"; };
		B56090CA1A064CE4008DF0B3 /* filters.swift */ = {isa = PBXFileReference; fileEncoding = 4; lastKnownFileType = sourcecode.swift; path = filters.swift; sourceTree = "<group>"; };
		B56090CD1A065778008DF0B3 /* HttpHelper.swift */ = {isa = PBXFileReference; fileEncoding = 4; lastKnownFileType = sourcecode.swift; path = HttpHelper.swift; sourceTree = "<group>"; };
		B578AA0A19F8332300A8C18E /* IOS_first.app */ = {isa = PBXFileReference; explicitFileType = wrapper.application; includeInIndex = 0; path = IOS_first.app; sourceTree = BUILT_PRODUCTS_DIR; };
		B578AA0E19F8332300A8C18E /* Info.plist */ = {isa = PBXFileReference; lastKnownFileType = text.plist.xml; path = Info.plist; sourceTree = "<group>"; };
		B578AA0F19F8332300A8C18E /* AppDelegate.swift */ = {isa = PBXFileReference; lastKnownFileType = sourcecode.swift; path = AppDelegate.swift; sourceTree = "<group>"; };
		B578AA1119F8332300A8C18E /* ViewController.swift */ = {isa = PBXFileReference; lastKnownFileType = sourcecode.swift; path = ViewController.swift; sourceTree = "<group>"; };
		B578AA1419F8332300A8C18E /* Base */ = {isa = PBXFileReference; lastKnownFileType = file.storyboard; name = Base; path = Base.lproj/Main.storyboard; sourceTree = "<group>"; };
		B578AA1619F8332300A8C18E /* Images.xcassets */ = {isa = PBXFileReference; lastKnownFileType = folder.assetcatalog; path = Images.xcassets; sourceTree = "<group>"; };
		B578AA1919F8332300A8C18E /* Base */ = {isa = PBXFileReference; lastKnownFileType = file.xib; name = Base; path = Base.lproj/LaunchScreen.xib; sourceTree = "<group>"; };
		B578AA1F19F8332300A8C18E /* IOS_firstTests.xctest */ = {isa = PBXFileReference; explicitFileType = wrapper.cfbundle; includeInIndex = 0; path = IOS_firstTests.xctest; sourceTree = BUILT_PRODUCTS_DIR; };
		B578AA2419F8332300A8C18E /* Info.plist */ = {isa = PBXFileReference; lastKnownFileType = text.plist.xml; path = Info.plist; sourceTree = "<group>"; };
		B578AA2519F8332300A8C18E /* IOS_firstTests.swift */ = {isa = PBXFileReference; lastKnownFileType = sourcecode.swift; path = IOS_firstTests.swift; sourceTree = "<group>"; };
		B578AA5619F84BF200A8C18E /* CoreImage.framework */ = {isa = PBXFileReference; lastKnownFileType = wrapper.framework; name = CoreImage.framework; path = System/Library/Frameworks/CoreImage.framework; sourceTree = SDKROOT; };
		B57A45141A06849E0047B7A6 /* HotelViewCell.swift */ = {isa = PBXFileReference; fileEncoding = 4; lastKnownFileType = sourcecode.swift; path = HotelViewCell.swift; sourceTree = "<group>"; };
		B5815F4B1A0ABD94004EDAA6 /* IOS_first-Bridging-Header.h */ = {isa = PBXFileReference; fileEncoding = 4; lastKnownFileType = sourcecode.c.h; path = "IOS_first-Bridging-Header.h"; sourceTree = "<group>"; };
		B5815F551A0AD9A8004EDAA6 /* 07-map-marker@2x.png */ = {isa = PBXFileReference; lastKnownFileType = image.png; path = "07-map-marker@2x.png"; sourceTree = "<group>"; };
		B5815F561A0AD9A8004EDAA6 /* 50-beaker@2x.png */ = {isa = PBXFileReference; lastKnownFileType = image.png; path = "50-beaker@2x.png"; sourceTree = "<group>"; };
		B5815F571A0AD9A8004EDAA6 /* hotel-map-photo.jpg */ = {isa = PBXFileReference; lastKnownFileType = image.jpeg; path = "hotel-map-photo.jpg"; sourceTree = "<group>"; };
		B5815F581A0AD9A8004EDAA6 /* hotel.jpg */ = {isa = PBXFileReference; lastKnownFileType = image.jpeg; path = hotel.jpg; sourceTree = "<group>"; };
		B5815F591A0AD9A8004EDAA6 /* hotel.png */ = {isa = PBXFileReference; lastKnownFileType = image.png; path = hotel.png; sourceTree = "<group>"; };
		B5815F5A1A0AD9A8004EDAA6 /* no_photo_hotel.png */ = {isa = PBXFileReference; lastKnownFileType = image.png; path = no_photo_hotel.png; sourceTree = "<group>"; };
		B5815F5B1A0AD9A8004EDAA6 /* test.jpg */ = {isa = PBXFileReference; lastKnownFileType = image.jpeg; path = test.jpg; sourceTree = "<group>"; };
		B5815F5C1A0AD9A8004EDAA6 /* test.png */ = {isa = PBXFileReference; lastKnownFileType = image.png; path = test.png; sourceTree = "<group>"; };
		B583C94A1A08ADE1003EA493 /* ActivityIndicator.swift */ = {isa = PBXFileReference; fileEncoding = 4; lastKnownFileType = sourcecode.swift; path = ActivityIndicator.swift; sourceTree = "<group>"; };
		B5DDFBA31A08C61700B2339A /* SwiftyJSON.xcodeproj */ = {isa = PBXFileReference; lastKnownFileType = "wrapper.pb-project"; name = SwiftyJSON.xcodeproj; path = SwiftyJSON/SwiftyJSON.xcodeproj; sourceTree = "<group>"; };
		B5DDFBB71A08C6F300B2339A /* Alamofire.xcodeproj */ = {isa = PBXFileReference; lastKnownFileType = "wrapper.pb-project"; name = Alamofire.xcodeproj; path = Alamofire/Alamofire.xcodeproj; sourceTree = "<group>"; };
		CDA6D13F469AD3BF3EA46D8E /* Pods.debug.xcconfig */ = {isa = PBXFileReference; includeInIndex = 1; lastKnownFileType = text.xcconfig; name = Pods.debug.xcconfig; path = "Pods/Target Support Files/Pods/Pods.debug.xcconfig"; sourceTree = "<group>"; };
		F3BFF313CACF6FE26B4DCB45 /* libPods.a */ = {isa = PBXFileReference; explicitFileType = archive.ar; includeInIndex = 0; path = libPods.a; sourceTree = BUILT_PRODUCTS_DIR; };
/* End PBXFileReference section */

/* Begin PBXFrameworksBuildPhase section */
		B578AA0719F8332300A8C18E /* Frameworks */ = {
			isa = PBXFrameworksBuildPhase;
			buildActionMask = 2147483647;
			files = (
				5167FCD119F9293F008AFF52 /* UIKit.framework in Frameworks */,
				5167FCCF19F92932008AFF52 /* JavaScriptCore.framework in Frameworks */,
				B578AA5719F84BF200A8C18E /* CoreImage.framework in Frameworks */,
				4E6BC3753C5D5365F2064E81 /* libPods.a in Frameworks */,
			);
			runOnlyForDeploymentPostprocessing = 0;
		};
		B578AA1C19F8332300A8C18E /* Frameworks */ = {
			isa = PBXFrameworksBuildPhase;
			buildActionMask = 2147483647;
			files = (
			);
			runOnlyForDeploymentPostprocessing = 0;
		};
/* End PBXFrameworksBuildPhase section */

/* Begin PBXGroup section */
		260F71FF51EA1E330284AC26 /* Pods */ = {
			isa = PBXGroup;
			children = (
				CDA6D13F469AD3BF3EA46D8E /* Pods.debug.xcconfig */,
				77BD000212A6FDB9C51E2214 /* Pods.release.xcconfig */,
			);
			name = Pods;
			sourceTree = "<group>";
		};
		5167FCC919F8EC31008AFF52 /* components */ = {
			isa = PBXGroup;
			children = (
				B51FE9771A063D8D0078D92B /* hotel */,
				5167FCE019FFF979008AFF52 /* list-data */,
				5167FCDF19FFF5F9008AFF52 /* CellImages */,
			);
			name = components;
			sourceTree = "<group>";
		};
		5167FCDF19FFF5F9008AFF52 /* CellImages */ = {
			isa = PBXGroup;
			children = (
				5167FCDB19FFF5BB008AFF52 /* DKViewControllerImages.swift */,
				5167FCDD19FFF5F1008AFF52 /* DKImageCell.swift */,
				5143C3371A000B9A0084366B /* DKViewControllerImageCollection.swift */,
			);
			name = CellImages;
			sourceTree = "<group>";
		};
		5167FCE019FFF979008AFF52 /* list-data */ = {
			isa = PBXGroup;
			children = (
				5167FCCA19F8EC46008AFF52 /* TableViewController.swift */,
			);
			name = "list-data";
			sourceTree = "<group>";
		};
		517C71F41A03E15A0084E6FE /* services */ = {
			isa = PBXGroup;
			children = (
				517C71F61A03E2EF0084E6FE /* services.dp.swift */,
			);
			name = services;
			sourceTree = "<group>";
		};
		B51FE9751A063D760078D92B /* models */ = {
			isa = PBXGroup;
			children = (
				B56090CA1A064CE4008DF0B3 /* filters.swift */,
			);
			name = models;
			sourceTree = "<group>";
		};
		B51FE9761A063D810078D92B /* collection */ = {
			isa = PBXGroup;
			children = (
			);
			name = collection;
			sourceTree = "<group>";
		};
		B51FE9771A063D8D0078D92B /* hotel */ = {
			isa = PBXGroup;
			children = (
				B51FE97C1A063DB20078D92B /* CollectionHotels.swift */,
				B51FE97A1A063DAD0078D92B /* ModelHotel.swift */,
				B57A45141A06849E0047B7A6 /* HotelViewCell.swift */,
			);
			name = hotel;
			sourceTree = "<group>";
		};
		B56090CC1A06574F008DF0B3 /* helpers */ = {
			isa = PBXGroup;
			children = (
				B55595F91A04D4C500E22F9B /* Utils.swift */,
				B56090CD1A065778008DF0B3 /* HttpHelper.swift */,
				B583C94A1A08ADE1003EA493 /* ActivityIndicator.swift */,
			);
			name = helpers;
			sourceTree = "<group>";
		};
		B578AA0119F8332300A8C18E = {
			isa = PBXGroup;
			children = (
				5167FCD019F9293F008AFF52 /* UIKit.framework */,
				5167FCCE19F92932008AFF52 /* JavaScriptCore.framework */,
				B578AA5619F84BF200A8C18E /* CoreImage.framework */,
				B578AA0C19F8332300A8C18E /* IOS_first */,
				B578AA2219F8332300A8C18E /* IOS_firstTests */,
				B578AA0B19F8332300A8C18E /* Products */,
				B5DDFBB71A08C6F300B2339A /* Alamofire.xcodeproj */,
				B5DDFBA31A08C61700B2339A /* SwiftyJSON.xcodeproj */,
				260F71FF51EA1E330284AC26 /* Pods */,
				D70FF850D643C0D8F95071B6 /* Frameworks */,
			);
			sourceTree = "<group>";
		};
		B578AA0B19F8332300A8C18E /* Products */ = {
			isa = PBXGroup;
			children = (
				B578AA0A19F8332300A8C18E /* IOS_first.app */,
				B578AA1F19F8332300A8C18E /* IOS_firstTests.xctest */,
			);
			name = Products;
			sourceTree = "<group>";
		};
		B578AA0C19F8332300A8C18E /* IOS_first */ = {
			isa = PBXGroup;
			children = (
				B5815F541A0AD9A8004EDAA6 /* images */,
				B5815F4B1A0ABD94004EDAA6 /* IOS_first-Bridging-Header.h */,
				B56090CC1A06574F008DF0B3 /* helpers */,
				B51FE9761A063D810078D92B /* collection */,
				B51FE9751A063D760078D92B /* models */,
				517C71F41A03E15A0084E6FE /* services */,
				5167FCDA19FA4944008AFF52 /* MyPlayground.playground */,
				5167FCC919F8EC31008AFF52 /* components */,
				B578AA0F19F8332300A8C18E /* AppDelegate.swift */,
				B578AA1119F8332300A8C18E /* ViewController.swift */,
				B578AA1319F8332300A8C18E /* Main.storyboard */,
				B578AA1619F8332300A8C18E /* Images.xcassets */,
				B578AA1819F8332300A8C18E /* LaunchScreen.xib */,
				B578AA0D19F8332300A8C18E /* Supporting Files */,
			);
			path = IOS_first;
			sourceTree = "<group>";
		};
		B578AA0D19F8332300A8C18E /* Supporting Files */ = {
			isa = PBXGroup;
			children = (
				B578AA0E19F8332300A8C18E /* Info.plist */,
			);
			name = "Supporting Files";
			sourceTree = "<group>";
		};
		B578AA2219F8332300A8C18E /* IOS_firstTests */ = {
			isa = PBXGroup;
			children = (
				B578AA2519F8332300A8C18E /* IOS_firstTests.swift */,
				B578AA2319F8332300A8C18E /* Supporting Files */,
			);
			path = IOS_firstTests;
			sourceTree = "<group>";
		};
		B578AA2319F8332300A8C18E /* Supporting Files */ = {
			isa = PBXGroup;
			children = (
				B578AA2419F8332300A8C18E /* Info.plist */,
			);
			name = "Supporting Files";
			sourceTree = "<group>";
		};
		B5815F541A0AD9A8004EDAA6 /* images */ = {
			isa = PBXGroup;
			children = (
				B5815F551A0AD9A8004EDAA6 /* 07-map-marker@2x.png */,
				B5815F561A0AD9A8004EDAA6 /* 50-beaker@2x.png */,
				B5815F571A0AD9A8004EDAA6 /* hotel-map-photo.jpg */,
				B5815F581A0AD9A8004EDAA6 /* hotel.jpg */,
				B5815F591A0AD9A8004EDAA6 /* hotel.png */,
				B5815F5A1A0AD9A8004EDAA6 /* no_photo_hotel.png */,
				B5815F5B1A0AD9A8004EDAA6 /* test.jpg */,
				B5815F5C1A0AD9A8004EDAA6 /* test.png */,
			);
			path = images;
			sourceTree = SOURCE_ROOT;
		};
		B5DDFBA41A08C61700B2339A /* Products */ = {
			isa = PBXGroup;
			children = (
				B5DDFBAA1A08C61700B2339A /* SwiftyJSON.framework */,
				B5DDFBAC1A08C61700B2339A /* SwiftyJSONTests.xctest */,
			);
			name = Products;
			sourceTree = "<group>";
		};
		B5DDFBB81A08C6F300B2339A /* Products */ = {
			isa = PBXGroup;
			children = (
				B5DDFBBD1A08C6F300B2339A /* Alamofire.framework */,
				B5DDFBBF1A08C6F300B2339A /* AlamofireTests.xctest */,
			);
			name = Products;
			sourceTree = "<group>";
		};
		D70FF850D643C0D8F95071B6 /* Frameworks */ = {
			isa = PBXGroup;
			children = (
				F3BFF313CACF6FE26B4DCB45 /* libPods.a */,
			);
			name = Frameworks;
			sourceTree = "<group>";
		};
/* End PBXGroup section */

/* Begin PBXNativeTarget section */
		B578AA0919F8332300A8C18E /* IOS_first */ = {
			isa = PBXNativeTarget;
			buildConfigurationList = B578AA2919F8332300A8C18E /* Build configuration list for PBXNativeTarget "IOS_first" */;
			buildPhases = (
				DD791EB70F075DDFBCA45468 /* Check Pods Manifest.lock */,
				B578AA0619F8332300A8C18E /* Sources */,
				B578AA0719F8332300A8C18E /* Frameworks */,
				B578AA0819F8332300A8C18E /* Resources */,
				B592E22D1A02BF2D00B8929F /* Copy Frameworks */,
				800113BDD1D6E2A50626D5AC /* Copy Pods Resources */,
			);
			buildRules = (
			);
			dependencies = (
				B5DDFBC11A08C6FA00B2339A /* PBXTargetDependency */,
				B5DDFBAE1A08C61F00B2339A /* PBXTargetDependency */,
			);
			name = IOS_first;
			productName = IOS_first;
			productReference = B578AA0A19F8332300A8C18E /* IOS_first.app */;
			productType = "com.apple.product-type.application";
		};
		B578AA1E19F8332300A8C18E /* IOS_firstTests */ = {
			isa = PBXNativeTarget;
			buildConfigurationList = B578AA2C19F8332300A8C18E /* Build configuration list for PBXNativeTarget "IOS_firstTests" */;
			buildPhases = (
				B578AA1B19F8332300A8C18E /* Sources */,
				B578AA1C19F8332300A8C18E /* Frameworks */,
				B578AA1D19F8332300A8C18E /* Resources */,
			);
			buildRules = (
			);
			dependencies = (
				B578AA2119F8332300A8C18E /* PBXTargetDependency */,
			);
			name = IOS_firstTests;
			productName = IOS_firstTests;
			productReference = B578AA1F19F8332300A8C18E /* IOS_firstTests.xctest */;
			productType = "com.apple.product-type.bundle.unit-test";
		};
/* End PBXNativeTarget section */

/* Begin PBXProject section */
		B578AA0219F8332300A8C18E /* Project object */ = {
			isa = PBXProject;
			attributes = {
				LastUpgradeCheck = 0610;
				ORGANIZATIONNAME = "дмитрий кузнецов";
				TargetAttributes = {
					B578AA0919F8332300A8C18E = {
						CreatedOnToolsVersion = 6.1;
					};
					B578AA1E19F8332300A8C18E = {
						CreatedOnToolsVersion = 6.1;
						TestTargetID = B578AA0919F8332300A8C18E;
					};
				};
			};
			buildConfigurationList = B578AA0519F8332300A8C18E /* Build configuration list for PBXProject "IOS_first" */;
			compatibilityVersion = "Xcode 3.2";
			developmentRegion = English;
			hasScannedForEncodings = 0;
			knownRegions = (
				en,
				Base,
			);
			mainGroup = B578AA0119F8332300A8C18E;
			productRefGroup = B578AA0B19F8332300A8C18E /* Products */;
			projectDirPath = "";
			projectReferences = (
				{
					ProductGroup = B5DDFBB81A08C6F300B2339A /* Products */;
					ProjectRef = B5DDFBB71A08C6F300B2339A /* Alamofire.xcodeproj */;
				},
				{
					ProductGroup = B5DDFBA41A08C61700B2339A /* Products */;
					ProjectRef = B5DDFBA31A08C61700B2339A /* SwiftyJSON.xcodeproj */;
				},
			);
			projectRoot = "";
			targets = (
				B578AA0919F8332300A8C18E /* IOS_first */,
				B578AA1E19F8332300A8C18E /* IOS_firstTests */,
			);
		};
/* End PBXProject section */

/* Begin PBXReferenceProxy section */
		B5DDFBAA1A08C61700B2339A /* SwiftyJSON.framework */ = {
			isa = PBXReferenceProxy;
			fileType = wrapper.framework;
			path = SwiftyJSON.framework;
			remoteRef = B5DDFBA91A08C61700B2339A /* PBXContainerItemProxy */;
			sourceTree = BUILT_PRODUCTS_DIR;
		};
		B5DDFBAC1A08C61700B2339A /* SwiftyJSONTests.xctest */ = {
			isa = PBXReferenceProxy;
			fileType = wrapper.cfbundle;
			path = SwiftyJSONTests.xctest;
			remoteRef = B5DDFBAB1A08C61700B2339A /* PBXContainerItemProxy */;
			sourceTree = BUILT_PRODUCTS_DIR;
		};
		B5DDFBBD1A08C6F300B2339A /* Alamofire.framework */ = {
			isa = PBXReferenceProxy;
			fileType = wrapper.framework;
			path = Alamofire.framework;
			remoteRef = B5DDFBBC1A08C6F300B2339A /* PBXContainerItemProxy */;
			sourceTree = BUILT_PRODUCTS_DIR;
		};
		B5DDFBBF1A08C6F300B2339A /* AlamofireTests.xctest */ = {
			isa = PBXReferenceProxy;
			fileType = wrapper.cfbundle;
			path = AlamofireTests.xctest;
			remoteRef = B5DDFBBE1A08C6F300B2339A /* PBXContainerItemProxy */;
			sourceTree = BUILT_PRODUCTS_DIR;
		};
/* End PBXReferenceProxy section */

/* Begin PBXResourcesBuildPhase section */
		B578AA0819F8332300A8C18E /* Resources */ = {
			isa = PBXResourcesBuildPhase;
			buildActionMask = 2147483647;
			files = (
				B5815F621A0AD9A8004EDAA6 /* no_photo_hotel.png in Resources */,
				B5DDFBD51A08E05900B2339A /* CollectionHotels.swift in Resources */,
				B5DDFBD21A08DCED00B2339A /* ModelHotel.swift in Resources */,
				B5DDFBCC1A08D52D00B2339A /* services.dp.swift in Resources */,
				B5DDFBC71A08D4BC00B2339A /* Utils.swift in Resources */,
				B5DDFBC81A08D4BC00B2339A /* HttpHelper.swift in Resources */,
				B5815F5E1A0AD9A8004EDAA6 /* 50-beaker@2x.png in Resources */,
				B5DDFBC91A08D4BC00B2339A /* ActivityIndicator.swift in Resources */,
				B5815F631A0AD9A8004EDAA6 /* test.jpg in Resources */,
				B5DDFBC51A08D4AF00B2339A /* HotelViewCell.swift in Resources */,
				B5815F5F1A0AD9A8004EDAA6 /* hotel-map-photo.jpg in Resources */,
				B5815F641A0AD9A8004EDAA6 /* test.png in Resources */,
				B578AA1519F8332300A8C18E /* Main.storyboard in Resources */,
				B5815F601A0AD9A8004EDAA6 /* hotel.jpg in Resources */,
				B578AA1A19F8332300A8C18E /* LaunchScreen.xib in Resources */,
				B578AA1719F8332300A8C18E /* Images.xcassets in Resources */,
				B5815F611A0AD9A8004EDAA6 /* hotel.png in Resources */,
				B5815F5D1A0AD9A8004EDAA6 /* 07-map-marker@2x.png in Resources */,
			);
			runOnlyForDeploymentPostprocessing = 0;
		};
		B578AA1D19F8332300A8C18E /* Resources */ = {
			isa = PBXResourcesBuildPhase;
			buildActionMask = 2147483647;
			files = (
			);
			runOnlyForDeploymentPostprocessing = 0;
		};
/* End PBXResourcesBuildPhase section */

/* Begin PBXShellScriptBuildPhase section */
		800113BDD1D6E2A50626D5AC /* Copy Pods Resources */ = {
			isa = PBXShellScriptBuildPhase;
			buildActionMask = 12;
			files = (
			);
			inputPaths = (
			);
			name = "Copy Pods Resources";
			outputPaths = (
			);
			runOnlyForDeploymentPostprocessing = 0;
			shellPath = /bin/sh;
			shellScript = "\"${SRCROOT}/Pods/Target Support Files/Pods/Pods-resources.sh\"\n";
		};
		DD791EB70F075DDFBCA45468 /* Check Pods Manifest.lock */ = {
			isa = PBXShellScriptBuildPhase;
			buildActionMask = 2147483647;
			files = (
			);
			inputPaths = (
			);
			name = "Check Pods Manifest.lock";
			outputPaths = (
			);
			runOnlyForDeploymentPostprocessing = 0;
			shellPath = /bin/sh;
			shellScript = "diff \"${PODS_ROOT}/../Podfile.lock\" \"${PODS_ROOT}/Manifest.lock\" > /dev/null\nif [[ $? != 0 ]] ; then\n    cat << EOM\nerror: The sandbox is not in sync with the Podfile.lock. Run 'pod install' or update your CocoaPods installation.\nEOM\n    exit 1\nfi\n";
			showEnvVarsInLog = 0;
		};
/* End PBXShellScriptBuildPhase section */

/* Begin PBXSourcesBuildPhase section */
		B578AA0619F8332300A8C18E /* Sources */ = {
			isa = PBXSourcesBuildPhase;
			buildActionMask = 2147483647;
			files = (
				B590762F1A0AB8D2005B0410 /* ModelHotel.swift in Sources */,
				B5DDFBD61A08E06D00B2339A /* CollectionHotels.swift in Sources */,
				5167FCDE19FFF5F1008AFF52 /* DKImageCell.swift in Sources */,
				B578AA1219F8332300A8C18E /* ViewController.swift in Sources */,
				517C71F71A03E2EF0084E6FE /* services.dp.swift in Sources */,
				5167FCDC19FFF5BB008AFF52 /* DKViewControllerImages.swift in Sources */,
				B583C94B1A08ADE1003EA493 /* ActivityIndicator.swift in Sources */,
				B578AA1019F8332300A8C18E /* AppDelegate.swift in Sources */,
				B57A45151A06849E0047B7A6 /* HotelViewCell.swift in Sources */,
				5167FCCB19F8EC46008AFF52 /* TableViewController.swift in Sources */,
				B56090CB1A064CE4008DF0B3 /* filters.swift in Sources */,
				5143C3381A000B9A0084366B /* DKViewControllerImageCollection.swift in Sources */,
				B56090CE1A065778008DF0B3 /* HttpHelper.swift in Sources */,
				B55595FA1A04D4C500E22F9B /* Utils.swift in Sources */,
			);
			runOnlyForDeploymentPostprocessing = 0;
		};
		B578AA1B19F8332300A8C18E /* Sources */ = {
			isa = PBXSourcesBuildPhase;
			buildActionMask = 2147483647;
			files = (
				B578AA2619F8332300A8C18E /* IOS_firstTests.swift in Sources */,
			);
			runOnlyForDeploymentPostprocessing = 0;
		};
/* End PBXSourcesBuildPhase section */

/* Begin PBXTargetDependency section */
		B578AA2119F8332300A8C18E /* PBXTargetDependency */ = {
			isa = PBXTargetDependency;
			target = B578AA0919F8332300A8C18E /* IOS_first */;
			targetProxy = B578AA2019F8332300A8C18E /* PBXContainerItemProxy */;
		};
		B5DDFBAE1A08C61F00B2339A /* PBXTargetDependency */ = {
			isa = PBXTargetDependency;
			name = SwiftyJSON;
			targetProxy = B5DDFBAD1A08C61F00B2339A /* PBXContainerItemProxy */;
		};
		B5DDFBC11A08C6FA00B2339A /* PBXTargetDependency */ = {
			isa = PBXTargetDependency;
			name = Alamofire;
			targetProxy = B5DDFBC01A08C6FA00B2339A /* PBXContainerItemProxy */;
		};
/* End PBXTargetDependency section */

/* Begin PBXVariantGroup section */
		B578AA1319F8332300A8C18E /* Main.storyboard */ = {
			isa = PBXVariantGroup;
			children = (
				B578AA1419F8332300A8C18E /* Base */,
			);
			name = Main.storyboard;
			sourceTree = "<group>";
		};
		B578AA1819F8332300A8C18E /* LaunchScreen.xib */ = {
			isa = PBXVariantGroup;
			children = (
				B578AA1919F8332300A8C18E /* Base */,
			);
			name = LaunchScreen.xib;
			sourceTree = "<group>";
		};
/* End PBXVariantGroup section */

/* Begin XCBuildConfiguration section */
		B578AA2719F8332300A8C18E /* Debug */ = {
			isa = XCBuildConfiguration;
			buildSettings = {
				ALWAYS_SEARCH_USER_PATHS = NO;
				CLANG_CXX_LANGUAGE_STANDARD = "gnu++0x";
				CLANG_CXX_LIBRARY = "libc++";
				CLANG_ENABLE_MODULES = YES;
				CLANG_ENABLE_OBJC_ARC = YES;
				CLANG_WARN_BOOL_CONVERSION = YES;
				CLANG_WARN_CONSTANT_CONVERSION = YES;
				CLANG_WARN_DIRECT_OBJC_ISA_USAGE = YES_ERROR;
				CLANG_WARN_EMPTY_BODY = YES;
				CLANG_WARN_ENUM_CONVERSION = YES;
				CLANG_WARN_INT_CONVERSION = YES;
				CLANG_WARN_OBJC_ROOT_CLASS = YES_ERROR;
				CLANG_WARN_UNREACHABLE_CODE = YES;
				CLANG_WARN__DUPLICATE_METHOD_MATCH = YES;
				"CODE_SIGN_IDENTITY[sdk=iphoneos*]" = "iPhone Developer";
				COPY_PHASE_STRIP = NO;
				DEFINES_MODULE = YES;
				ENABLE_STRICT_OBJC_MSGSEND = YES;
				GCC_C_LANGUAGE_STANDARD = gnu99;
				GCC_DYNAMIC_NO_PIC = NO;
				GCC_OPTIMIZATION_LEVEL = 0;
				GCC_PREPROCESSOR_DEFINITIONS = (
					"DEBUG=1",
					"$(inherited)",
				);
				GCC_SYMBOLS_PRIVATE_EXTERN = NO;
				GCC_WARN_64_TO_32_BIT_CONVERSION = YES;
				GCC_WARN_ABOUT_RETURN_TYPE = YES_ERROR;
				GCC_WARN_UNDECLARED_SELECTOR = YES;
				GCC_WARN_UNINITIALIZED_AUTOS = YES_AGGRESSIVE;
				GCC_WARN_UNUSED_FUNCTION = YES;
				GCC_WARN_UNUSED_VARIABLE = YES;
				IPHONEOS_DEPLOYMENT_TARGET = 8.1;
				MTL_ENABLE_DEBUG_INFO = YES;
				ONLY_ACTIVE_ARCH = YES;
				SDKROOT = iphoneos;
				SWIFT_OPTIMIZATION_LEVEL = "-Onone";
				TARGETED_DEVICE_FAMILY = "1,2";
			};
			name = Debug;
		};
		B578AA2819F8332300A8C18E /* Release */ = {
			isa = XCBuildConfiguration;
			buildSettings = {
				ALWAYS_SEARCH_USER_PATHS = NO;
				CLANG_CXX_LANGUAGE_STANDARD = "gnu++0x";
				CLANG_CXX_LIBRARY = "libc++";
				CLANG_ENABLE_MODULES = YES;
				CLANG_ENABLE_OBJC_ARC = YES;
				CLANG_WARN_BOOL_CONVERSION = YES;
				CLANG_WARN_CONSTANT_CONVERSION = YES;
				CLANG_WARN_DIRECT_OBJC_ISA_USAGE = YES_ERROR;
				CLANG_WARN_EMPTY_BODY = YES;
				CLANG_WARN_ENUM_CONVERSION = YES;
				CLANG_WARN_INT_CONVERSION = YES;
				CLANG_WARN_OBJC_ROOT_CLASS = YES_ERROR;
				CLANG_WARN_UNREACHABLE_CODE = YES;
				CLANG_WARN__DUPLICATE_METHOD_MATCH = YES;
				"CODE_SIGN_IDENTITY[sdk=iphoneos*]" = "iPhone Developer";
				COPY_PHASE_STRIP = YES;
				DEFINES_MODULE = YES;
				ENABLE_NS_ASSERTIONS = NO;
				ENABLE_STRICT_OBJC_MSGSEND = YES;
				GCC_C_LANGUAGE_STANDARD = gnu99;
				GCC_WARN_64_TO_32_BIT_CONVERSION = YES;
				GCC_WARN_ABOUT_RETURN_TYPE = YES_ERROR;
				GCC_WARN_UNDECLARED_SELECTOR = YES;
				GCC_WARN_UNINITIALIZED_AUTOS = YES_AGGRESSIVE;
				GCC_WARN_UNUSED_FUNCTION = YES;
				GCC_WARN_UNUSED_VARIABLE = YES;
				IPHONEOS_DEPLOYMENT_TARGET = 8.1;
				MTL_ENABLE_DEBUG_INFO = NO;
				SDKROOT = iphoneos;
				TARGETED_DEVICE_FAMILY = "1,2";
				VALIDATE_PRODUCT = YES;
			};
			name = Release;
		};
		B578AA2A19F8332300A8C18E /* Debug */ = {
			isa = XCBuildConfiguration;
			baseConfigurationReference = CDA6D13F469AD3BF3EA46D8E /* Pods.debug.xcconfig */;
			buildSettings = {
				ASSETCATALOG_COMPILER_APPICON_NAME = AppIcon;
				CLANG_ENABLE_MODULES = YES;
				CODE_SIGN_IDENTITY = "iPhone Developer";
				INFOPLIST_FILE = IOS_first/Info.plist;
				LD_RUNPATH_SEARCH_PATHS = "$(inherited) @executable_path/Frameworks";
				PRODUCT_NAME = "$(TARGET_NAME)";
				SWIFT_OBJC_BRIDGING_HEADER = "IOS_first/IOS_first-Bridging-Header.h";
				SWIFT_OPTIMIZATION_LEVEL = "-Onone";
				TARGETED_DEVICE_FAMILY = 1;
			};
			name = Debug;
		};
		B578AA2B19F8332300A8C18E /* Release */ = {
			isa = XCBuildConfiguration;
			baseConfigurationReference = 77BD000212A6FDB9C51E2214 /* Pods.release.xcconfig */;
			buildSettings = {
				ASSETCATALOG_COMPILER_APPICON_NAME = AppIcon;
				CLANG_ENABLE_MODULES = YES;
				CODE_SIGN_IDENTITY = "iPhone Developer";
				INFOPLIST_FILE = IOS_first/Info.plist;
				LD_RUNPATH_SEARCH_PATHS = "$(inherited) @executable_path/Frameworks";
				PRODUCT_NAME = "$(TARGET_NAME)";
				SWIFT_OBJC_BRIDGING_HEADER = "IOS_first/IOS_first-Bridging-Header.h";
				TARGETED_DEVICE_FAMILY = 1;
			};
			name = Release;
		};
		B578AA2D19F8332300A8C18E /* Debug */ = {
			isa = XCBuildConfiguration;
			buildSettings = {
				BUNDLE_LOADER = "$(TEST_HOST)";
				FRAMEWORK_SEARCH_PATHS = (
					"$(SDKROOT)/Developer/Library/Frameworks",
					"$(inherited)",
				);
				GCC_PREPROCESSOR_DEFINITIONS = (
					"DEBUG=1",
					"$(inherited)",
				);
				INFOPLIST_FILE = IOS_firstTests/Info.plist;
				LD_RUNPATH_SEARCH_PATHS = "$(inherited) @executable_path/Frameworks @loader_path/Frameworks";
				PRODUCT_NAME = "$(TARGET_NAME)";
				TEST_HOST = "$(BUILT_PRODUCTS_DIR)/IOS_first.app/IOS_first";
			};
			name = Debug;
		};
		B578AA2E19F8332300A8C18E /* Release */ = {
			isa = XCBuildConfiguration;
			buildSettings = {
				BUNDLE_LOADER = "$(TEST_HOST)";
				FRAMEWORK_SEARCH_PATHS = (
					"$(SDKROOT)/Developer/Library/Frameworks",
					"$(inherited)",
				);
				INFOPLIST_FILE = IOS_firstTests/Info.plist;
				LD_RUNPATH_SEARCH_PATHS = "$(inherited) @executable_path/Frameworks @loader_path/Frameworks";
				PRODUCT_NAME = "$(TARGET_NAME)";
				TEST_HOST = "$(BUILT_PRODUCTS_DIR)/IOS_first.app/IOS_first";
			};
			name = Release;
		};
/* End XCBuildConfiguration section */

/* Begin XCConfigurationList section */
		B578AA0519F8332300A8C18E /* Build configuration list for PBXProject "IOS_first" */ = {
			isa = XCConfigurationList;
			buildConfigurations = (
				B578AA2719F8332300A8C18E /* Debug */,
				B578AA2819F8332300A8C18E /* Release */,
			);
			defaultConfigurationIsVisible = 0;
			defaultConfigurationName = Release;
		};
		B578AA2919F8332300A8C18E /* Build configuration list for PBXNativeTarget "IOS_first" */ = {
			isa = XCConfigurationList;
			buildConfigurations = (
				B578AA2A19F8332300A8C18E /* Debug */,
				B578AA2B19F8332300A8C18E /* Release */,
			);
			defaultConfigurationIsVisible = 0;
			defaultConfigurationName = Release;
		};
		B578AA2C19F8332300A8C18E /* Build configuration list for PBXNativeTarget "IOS_firstTests" */ = {
			isa = XCConfigurationList;
			buildConfigurations = (
				B578AA2D19F8332300A8C18E /* Debug */,
				B578AA2E19F8332300A8C18E /* Release */,
			);
			defaultConfigurationIsVisible = 0;
			defaultConfigurationName = Release;
		};
/* End XCConfigurationList section */
	};
	rootObject = B578AA0219F8332300A8C18E /* Project object */;
}
