// !$*UTF8*$!
{
	archiveVersion = 1;
	classes = {
	};
	objectVersion = 46;
	objects = {

/* Begin PBXBuildFile section */
		0A044E921C7612290078FF32 /* SearchBarWidget.xib in Resources */ = {isa = PBXBuildFile; fileRef = 0A044E911C7612290078FF32 /* SearchBarWidget.xib */; };
		0A044E941C761C910078FF32 /* SearchBarWidget.swift in Sources */ = {isa = PBXBuildFile; fileRef = 0A044E931C761C910078FF32 /* SearchBarWidget.swift */; };
		0A044E971C770F810078FF32 /* BaseWidgets.swift in Sources */ = {isa = PBXBuildFile; fileRef = 0A044E961C770F810078FF32 /* BaseWidgets.swift */; };
		0A044EA91C7753380078FF32 /* SearchSuggest.swift in Sources */ = {isa = PBXBuildFile; fileRef = 0A044EA81C7753380078FF32 /* SearchSuggest.swift */; };
		0A044EAB1C77550C0078FF32 /* SearchSuggestCell.swift in Sources */ = {isa = PBXBuildFile; fileRef = 0A044EAA1C77550C0078FF32 /* SearchSuggestCell.swift */; };
		0A044EAD1C775C2D0078FF32 /* SearchSuggestCell.xib in Resources */ = {isa = PBXBuildFile; fileRef = 0A044EAC1C775C2D0078FF32 /* SearchSuggestCell.xib */; };
		0A5FB9D41C68953700D49909 /* NewsModel.swift in Sources */ = {isa = PBXBuildFile; fileRef = 0A5FB9D31C68953700D49909 /* NewsModel.swift */; };
		0A5FBA2C1C6B6AC800D49909 /* cell.xib in Resources */ = {isa = PBXBuildFile; fileRef = 0A5FBA2B1C6B6AC800D49909 /* cell.xib */; };
		0A5FBA311C6C833B00D49909 /* NewsViewModel.swift in Sources */ = {isa = PBXBuildFile; fileRef = 0A5FBA301C6C833B00D49909 /* NewsViewModel.swift */; };
		0A6BB9001C679A9B009A6986 /* ActivityIndicator.swift in Sources */ = {isa = PBXBuildFile; fileRef = 0A6BB8F71C679A9B009A6986 /* ActivityIndicator.swift */; };
		0A6BB9011C679A9B009A6986 /* DKNotification.swift in Sources */ = {isa = PBXBuildFile; fileRef = 0A6BB8F81C679A9B009A6986 /* DKNotification.swift */; };
		0A6BB9021C679A9B009A6986 /* Filters.swift in Sources */ = {isa = PBXBuildFile; fileRef = 0A6BB8F91C679A9B009A6986 /* Filters.swift */; };
		0A6BB9031C679A9B009A6986 /* Http.swift in Sources */ = {isa = PBXBuildFile; fileRef = 0A6BB8FA1C679A9B009A6986 /* Http.swift */; };
		0A6BB9081C679A9B009A6986 /* Utils.swift in Sources */ = {isa = PBXBuildFile; fileRef = 0A6BB8FF1C679A9B009A6986 /* Utils.swift */; };
		0A6BB90E1C679AB9009A6986 /* ContentModel.swift in Sources */ = {isa = PBXBuildFile; fileRef = 0A6BB90A1C679AB9009A6986 /* ContentModel.swift */; };
		0A6BB90F1C679AB9009A6986 /* BaseModel.swift in Sources */ = {isa = PBXBuildFile; fileRef = 0A6BB90B1C679AB9009A6986 /* BaseModel.swift */; };
		0A6BB9191C67C3D1009A6986 /* NewsScreen.swift in Sources */ = {isa = PBXBuildFile; fileRef = 0A6BB9181C67C3D1009A6986 /* NewsScreen.swift */; };
		0A71B0211C6CE0A6002A65BB /* ArticlesScreen.swift in Sources */ = {isa = PBXBuildFile; fileRef = 0A71B0201C6CE0A6002A65BB /* ArticlesScreen.swift */; };
		0A71B0231C6CEBDC002A65BB /* SearchScreen.swift in Sources */ = {isa = PBXBuildFile; fileRef = 0A71B0221C6CEBDC002A65BB /* SearchScreen.swift */; };
		0A72014A1C73591800739306 /* LaunchScreen.swift in Sources */ = {isa = PBXBuildFile; fileRef = 0A7201491C73591800739306 /* LaunchScreen.swift */; };
		0A72014C1C735E4F00739306 /* LaunchScreen.storyboard in Resources */ = {isa = PBXBuildFile; fileRef = 0A72014B1C735E4F00739306 /* LaunchScreen.storyboard */; };
		0A72014E1C73838100739306 /* Media.xcassets in Resources */ = {isa = PBXBuildFile; fileRef = 0A72014D1C73838100739306 /* Media.xcassets */; };
		0A72FBBB1C732E6100739306 /* SWRevealViewController.m in Sources */ = {isa = PBXBuildFile; fileRef = 0A72FBBA1C732E6100739306 /* SWRevealViewController.m */; };
		0A72FBC81C7339AB00739306 /* SlideMenuController.swift in Sources */ = {isa = PBXBuildFile; fileRef = 0A72FBC71C7339AB00739306 /* SlideMenuController.swift */; };
		0A72FBCA1C733C6800739306 /* IndexScreen.swift in Sources */ = {isa = PBXBuildFile; fileRef = 0A72FBC91C733C6800739306 /* IndexScreen.swift */; };
		0A93D0AE1C639DA2006517AF /* Podfile in Resources */ = {isa = PBXBuildFile; fileRef = 0A93D0AD1C639DA2006517AF /* Podfile */; };
		0A93D0E11C63B100006517AF /* ServicesNews.swift in Sources */ = {isa = PBXBuildFile; fileRef = 0A93D0E01C63B100006517AF /* ServicesNews.swift */; };
		0A93D0E31C63B10E006517AF /* ServicesArticles.swift in Sources */ = {isa = PBXBuildFile; fileRef = 0A93D0E21C63B10E006517AF /* ServicesArticles.swift */; };
		0A93D0E51C63B11E006517AF /* ServicesSearch.swift in Sources */ = {isa = PBXBuildFile; fileRef = 0A93D0E41C63B11E006517AF /* ServicesSearch.swift */; };
		0A93D10F1C64BD15006517AF /* DKViewCell.swift in Sources */ = {isa = PBXBuildFile; fileRef = 0A93D10E1C64BD15006517AF /* DKViewCell.swift */; };
		5167FCD119F9293F008AFF52 /* UIKit.framework in Frameworks */ = {isa = PBXBuildFile; fileRef = 5167FCD019F9293F008AFF52 /* UIKit.framework */; };
		51798A251A134ABF00B5FE48 /* DKDatePickerView.swift in Sources */ = {isa = PBXBuildFile; fileRef = 51798A241A134ABF00B5FE48 /* DKDatePickerView.swift */; };
		51798A2B1A14F47C00B5FE48 /* SearchFormDelegate.swift in Sources */ = {isa = PBXBuildFile; fileRef = 51798A2A1A14F47C00B5FE48 /* SearchFormDelegate.swift */; };
		B505CFB51A46F1C400BE1FCC /* adult.png in Resources */ = {isa = PBXBuildFile; fileRef = B505CFB01A46F1C400BE1FCC /* adult.png */; };
		B505CFB61A46F1C400BE1FCC /* children.png in Resources */ = {isa = PBXBuildFile; fileRef = B505CFB11A46F1C400BE1FCC /* children.png */; };
		B505CFB71A46F1C400BE1FCC /* Icon-Small-40@2x.png in Resources */ = {isa = PBXBuildFile; fileRef = B505CFB21A46F1C400BE1FCC /* Icon-Small-40@2x.png */; };
		B505CFB81A46F1C400BE1FCC /* infant.png in Resources */ = {isa = PBXBuildFile; fileRef = B505CFB31A46F1C400BE1FCC /* infant.png */; };
		B505CFB91A46F1C400BE1FCC /* no_photo_hotel.png in Resources */ = {isa = PBXBuildFile; fileRef = B505CFB41A46F1C400BE1FCC /* no_photo_hotel.png */; };
		B510C6BB1A0E21C5005D85C0 /* DKSearchFormController.swift in Sources */ = {isa = PBXBuildFile; fileRef = B510C6BA1A0E21C5005D85C0 /* DKSearchFormController.swift */; };
		B54E53A41A18A42D00EAE6BD /* QuartzCore.framework in Frameworks */ = {isa = PBXBuildFile; fileRef = B54E53A31A18A42D00EAE6BD /* QuartzCore.framework */; };
		B578AA1019F8332300A8C18E /* AppDelegate.swift in Sources */ = {isa = PBXBuildFile; fileRef = B578AA0F19F8332300A8C18E /* AppDelegate.swift */; };
		B578AA1219F8332300A8C18E /* ViewController.swift in Sources */ = {isa = PBXBuildFile; fileRef = B578AA1119F8332300A8C18E /* ViewController.swift */; };
		B578AA1519F8332300A8C18E /* Main.storyboard in Resources */ = {isa = PBXBuildFile; fileRef = B578AA1319F8332300A8C18E /* Main.storyboard */; };
		B578AA2619F8332300A8C18E /* IOS_firstTests.swift in Sources */ = {isa = PBXBuildFile; fileRef = B578AA2519F8332300A8C18E /* IOS_firstTests.swift */; };
		B5F6726E1A0F4A19001E90CA /* DKPopoverViewController.swift in Sources */ = {isa = PBXBuildFile; fileRef = B5F6726D1A0F4A19001E90CA /* DKPopoverViewController.swift */; };
		E2050808333ADE06D3874E44 /* Pods.framework in Frameworks */ = {isa = PBXBuildFile; fileRef = ED85A53CDFF7AF39FAC37586 /* Pods.framework */; settings = {ATTRIBUTES = (Required, ); }; };
/* End PBXBuildFile section */

/* Begin PBXContainerItemProxy section */
		0A5FBA3C1C6C833C00D49909 /* PBXContainerItemProxy */ = {
			isa = PBXContainerItemProxy;
			containerPortal = 0A6BB8DA1C67991A009A6986 /* Pods.xcodeproj */;
			proxyType = 2;
			remoteGlobalIDString = 88B182ACCAF2BB898807762E10C6A33A;
			remoteInfo = RxBlocking;
		};
		0A5FBA3E1C6C833C00D49909 /* PBXContainerItemProxy */ = {
			isa = PBXContainerItemProxy;
			containerPortal = 0A6BB8DA1C67991A009A6986 /* Pods.xcodeproj */;
			proxyType = 2;
			remoteGlobalIDString = 4CF975375D4EC2CAC1AB1BD83ABEEECB;
			remoteInfo = RxCocoa;
		};
		0A5FBA401C6C833C00D49909 /* PBXContainerItemProxy */ = {
			isa = PBXContainerItemProxy;
			containerPortal = 0A6BB8DA1C67991A009A6986 /* Pods.xcodeproj */;
			proxyType = 2;
			remoteGlobalIDString = 0106C11970AD322A896752D2E5C083FE;
			remoteInfo = RxSwift;
		};
		0A6BB8E41C67991A009A6986 /* PBXContainerItemProxy */ = {
			isa = PBXContainerItemProxy;
			containerPortal = 0A6BB8DA1C67991A009A6986 /* Pods.xcodeproj */;
			proxyType = 2;
			remoteGlobalIDString = 39E45A1A52D65F64F07CE6AD7C8F988E;
			remoteInfo = Alamofire;
		};
		0A6BB8E61C67991A009A6986 /* PBXContainerItemProxy */ = {
			isa = PBXContainerItemProxy;
			containerPortal = 0A6BB8DA1C67991A009A6986 /* Pods.xcodeproj */;
			proxyType = 2;
			remoteGlobalIDString = 7D6C9E98F5EB5D9D7027BD9628D3E8D0;
			remoteInfo = ObjectMapper;
		};
		0A6BB8E81C67991A009A6986 /* PBXContainerItemProxy */ = {
			isa = PBXContainerItemProxy;
			containerPortal = 0A6BB8DA1C67991A009A6986 /* Pods.xcodeproj */;
			proxyType = 2;
			remoteGlobalIDString = B6B8899BB2783209EC5CC11D649DEE95;
			remoteInfo = OMGHTTPURLRQ;
		};
		0A6BB8EA1C67991A009A6986 /* PBXContainerItemProxy */ = {
			isa = PBXContainerItemProxy;
			containerPortal = 0A6BB8DA1C67991A009A6986 /* Pods.xcodeproj */;
			proxyType = 2;
			remoteGlobalIDString = F37C13A8661ABB1DAF1DDC096D446762;
			remoteInfo = Pods;
		};
		0A6BB8EC1C67991A009A6986 /* PBXContainerItemProxy */ = {
			isa = PBXContainerItemProxy;
			containerPortal = 0A6BB8DA1C67991A009A6986 /* Pods.xcodeproj */;
			proxyType = 2;
			remoteGlobalIDString = CCE07EFABAEDB6E4C6BB0E796D65BA84;
			remoteInfo = PromiseKit;
		};
		0A6BB8EE1C67991A009A6986 /* PBXContainerItemProxy */ = {
			isa = PBXContainerItemProxy;
			containerPortal = 0A6BB8DA1C67991A009A6986 /* Pods.xcodeproj */;
			proxyType = 2;
			remoteGlobalIDString = 997A9C6E0634B3156AF8222B2C0DEF4D;
			remoteInfo = SDWebImage;
		};
		0A6BB8F01C67991A009A6986 /* PBXContainerItemProxy */ = {
			isa = PBXContainerItemProxy;
			containerPortal = 0A6BB8DA1C67991A009A6986 /* Pods.xcodeproj */;
			proxyType = 2;
			remoteGlobalIDString = 095AFDDD39B398602FBB04614C0CC840;
			remoteInfo = SwiftyJSON;
		};
		B578AA2019F8332300A8C18E /* PBXContainerItemProxy */ = {
			isa = PBXContainerItemProxy;
			containerPortal = B578AA0219F8332300A8C18E /* Project object */;
			proxyType = 1;
			remoteGlobalIDString = B578AA0919F8332300A8C18E;
			remoteInfo = IOS_first;
		};
/* End PBXContainerItemProxy section */

/* Begin PBXCopyFilesBuildPhase section */
		B592E22D1A02BF2D00B8929F /* Copy Frameworks */ = {
			isa = PBXCopyFilesBuildPhase;
			buildActionMask = 2147483647;
			dstPath = "";
			dstSubfolderSpec = 10;
			files = (
			);
			name = "Copy Frameworks";
			runOnlyForDeploymentPostprocessing = 0;
		};
/* End PBXCopyFilesBuildPhase section */

/* Begin PBXFileReference section */
		0A044E911C7612290078FF32 /* SearchBarWidget.xib */ = {isa = PBXFileReference; fileEncoding = 4; lastKnownFileType = file.xib; name = SearchBarWidget.xib; path = components/Search/SearchBarWidget.xib; sourceTree = "<group>"; };
		0A044E931C761C910078FF32 /* SearchBarWidget.swift */ = {isa = PBXFileReference; fileEncoding = 4; lastKnownFileType = sourcecode.swift; name = SearchBarWidget.swift; path = components/Search/SearchBarWidget.swift; sourceTree = "<group>"; };
		0A044E961C770F810078FF32 /* BaseWidgets.swift */ = {isa = PBXFileReference; fileEncoding = 4; lastKnownFileType = sourcecode.swift; name = BaseWidgets.swift; path = utils/BaseWidgets.swift; sourceTree = "<group>"; };
		0A044EA81C7753380078FF32 /* SearchSuggest.swift */ = {isa = PBXFileReference; fileEncoding = 4; lastKnownFileType = sourcecode.swift; name = SearchSuggest.swift; path = components/Search/SearchSuggest.swift; sourceTree = "<group>"; };
		0A044EAA1C77550C0078FF32 /* SearchSuggestCell.swift */ = {isa = PBXFileReference; fileEncoding = 4; lastKnownFileType = sourcecode.swift; name = SearchSuggestCell.swift; path = components/Search/SearchSuggestCell.swift; sourceTree = "<group>"; };
		0A044EAC1C775C2D0078FF32 /* SearchSuggestCell.xib */ = {isa = PBXFileReference; fileEncoding = 4; lastKnownFileType = file.xib; name = SearchSuggestCell.xib; path = components/Search/SearchSuggestCell.xib; sourceTree = "<group>"; };
		0A5FB9D31C68953700D49909 /* NewsModel.swift */ = {isa = PBXFileReference; fileEncoding = 4; lastKnownFileType = sourcecode.swift; path = NewsModel.swift; sourceTree = "<group>"; };
		0A5FBA2B1C6B6AC800D49909 /* cell.xib */ = {isa = PBXFileReference; fileEncoding = 4; lastKnownFileType = file.xib; path = cell.xib; sourceTree = "<group>"; };
		0A5FBA301C6C833B00D49909 /* NewsViewModel.swift */ = {isa = PBXFileReference; fileEncoding = 4; lastKnownFileType = sourcecode.swift; path = NewsViewModel.swift; sourceTree = "<group>"; };
		0A6BB8DA1C67991A009A6986 /* Pods.xcodeproj */ = {isa = PBXFileReference; lastKnownFileType = "wrapper.pb-project"; name = Pods.xcodeproj; path = Pods/Pods.xcodeproj; sourceTree = "<group>"; };
		0A6BB8F71C679A9B009A6986 /* ActivityIndicator.swift */ = {isa = PBXFileReference; fileEncoding = 4; lastKnownFileType = sourcecode.swift; name = ActivityIndicator.swift; path = utils/ActivityIndicator.swift; sourceTree = "<group>"; };
		0A6BB8F81C679A9B009A6986 /* DKNotification.swift */ = {isa = PBXFileReference; fileEncoding = 4; lastKnownFileType = sourcecode.swift; name = DKNotification.swift; path = utils/DKNotification.swift; sourceTree = "<group>"; };
		0A6BB8F91C679A9B009A6986 /* Filters.swift */ = {isa = PBXFileReference; fileEncoding = 4; lastKnownFileType = sourcecode.swift; name = Filters.swift; path = utils/Filters.swift; sourceTree = "<group>"; };
		0A6BB8FA1C679A9B009A6986 /* Http.swift */ = {isa = PBXFileReference; fileEncoding = 4; lastKnownFileType = sourcecode.swift; name = Http.swift; path = utils/Http.swift; sourceTree = "<group>"; };
		0A6BB8FF1C679A9B009A6986 /* Utils.swift */ = {isa = PBXFileReference; fileEncoding = 4; lastKnownFileType = sourcecode.swift; name = Utils.swift; path = utils/Utils.swift; sourceTree = "<group>"; };
		0A6BB90A1C679AB9009A6986 /* ContentModel.swift */ = {isa = PBXFileReference; fileEncoding = 4; lastKnownFileType = sourcecode.swift; name = ContentModel.swift; path = models/ContentModel.swift; sourceTree = "<group>"; };
		0A6BB90B1C679AB9009A6986 /* BaseModel.swift */ = {isa = PBXFileReference; fileEncoding = 4; lastKnownFileType = sourcecode.swift; name = BaseModel.swift; path = models/BaseModel.swift; sourceTree = "<group>"; };
		0A6BB9181C67C3D1009A6986 /* NewsScreen.swift */ = {isa = PBXFileReference; fileEncoding = 4; lastKnownFileType = sourcecode.swift; path = NewsScreen.swift; sourceTree = "<group>"; };
		0A71B0201C6CE0A6002A65BB /* ArticlesScreen.swift */ = {isa = PBXFileReference; fileEncoding = 4; lastKnownFileType = sourcecode.swift; path = ArticlesScreen.swift; sourceTree = "<group>"; };
		0A71B0221C6CEBDC002A65BB /* SearchScreen.swift */ = {isa = PBXFileReference; fileEncoding = 4; lastKnownFileType = sourcecode.swift; path = SearchScreen.swift; sourceTree = "<group>"; };
		0A7201491C73591800739306 /* LaunchScreen.swift */ = {isa = PBXFileReference; fileEncoding = 4; lastKnownFileType = sourcecode.swift; path = LaunchScreen.swift; sourceTree = "<group>"; };
		0A72014B1C735E4F00739306 /* LaunchScreen.storyboard */ = {isa = PBXFileReference; fileEncoding = 4; lastKnownFileType = file.storyboard; path = LaunchScreen.storyboard; sourceTree = "<group>"; };
		0A72014D1C73838100739306 /* Media.xcassets */ = {isa = PBXFileReference; lastKnownFileType = folder.assetcatalog; name = Media.xcassets; path = IOS_first/Media.xcassets; sourceTree = "<group>"; };
		0A72FBB91C732E6100739306 /* SWRevealViewController.h */ = {isa = PBXFileReference; fileEncoding = 4; lastKnownFileType = sourcecode.c.h; path = SWRevealViewController.h; sourceTree = "<group>"; };
		0A72FBBA1C732E6100739306 /* SWRevealViewController.m */ = {isa = PBXFileReference; fileEncoding = 4; lastKnownFileType = sourcecode.c.objc; path = SWRevealViewController.m; sourceTree = "<group>"; };
		0A72FBC71C7339AB00739306 /* SlideMenuController.swift */ = {isa = PBXFileReference; fileEncoding = 4; lastKnownFileType = sourcecode.swift; path = SlideMenuController.swift; sourceTree = "<group>"; };
		0A72FBC91C733C6800739306 /* IndexScreen.swift */ = {isa = PBXFileReference; fileEncoding = 4; lastKnownFileType = sourcecode.swift; path = IndexScreen.swift; sourceTree = "<group>"; };
		0A93D0AD1C639DA2006517AF /* Podfile */ = {isa = PBXFileReference; fileEncoding = 4; lastKnownFileType = text; path = Podfile; sourceTree = SOURCE_ROOT; xcLanguageSpecificationIdentifier = xcode.lang.ruby; };
		0A93D0E01C63B100006517AF /* ServicesNews.swift */ = {isa = PBXFileReference; fileEncoding = 4; lastKnownFileType = sourcecode.swift; path = ServicesNews.swift; sourceTree = "<group>"; };
		0A93D0E21C63B10E006517AF /* ServicesArticles.swift */ = {isa = PBXFileReference; fileEncoding = 4; lastKnownFileType = sourcecode.swift; path = ServicesArticles.swift; sourceTree = "<group>"; };
		0A93D0E41C63B11E006517AF /* ServicesSearch.swift */ = {isa = PBXFileReference; fileEncoding = 4; lastKnownFileType = sourcecode.swift; path = ServicesSearch.swift; sourceTree = "<group>"; };
		0A93D10E1C64BD15006517AF /* DKViewCell.swift */ = {isa = PBXFileReference; fileEncoding = 4; lastKnownFileType = sourcecode.swift; path = DKViewCell.swift; sourceTree = "<group>"; };
		5167FCCE19F92932008AFF52 /* JavaScriptCore.framework */ = {isa = PBXFileReference; lastKnownFileType = wrapper.framework; name = JavaScriptCore.framework; path = System/Library/Frameworks/JavaScriptCore.framework; sourceTree = SDKROOT; };
		5167FCD019F9293F008AFF52 /* UIKit.framework */ = {isa = PBXFileReference; lastKnownFileType = wrapper.framework; name = UIKit.framework; path = System/Library/Frameworks/UIKit.framework; sourceTree = SDKROOT; };
		51798A241A134ABF00B5FE48 /* DKDatePickerView.swift */ = {isa = PBXFileReference; fileEncoding = 4; lastKnownFileType = sourcecode.swift; path = DKDatePickerView.swift; sourceTree = "<group>"; };
		51798A2A1A14F47C00B5FE48 /* SearchFormDelegate.swift */ = {isa = PBXFileReference; fileEncoding = 4; lastKnownFileType = sourcecode.swift; path = SearchFormDelegate.swift; sourceTree = "<group>"; };
		77BD000212A6FDB9C51E2214 /* Pods.release.xcconfig */ = {isa = PBXFileReference; includeInIndex = 1; lastKnownFileType = text.xcconfig; name = Pods.release.xcconfig; path = "Pods/Target Support Files/Pods/Pods.release.xcconfig"; sourceTree = "<group>"; };
		B505CFB01A46F1C400BE1FCC /* adult.png */ = {isa = PBXFileReference; lastKnownFileType = image.png; path = adult.png; sourceTree = "<group>"; };
		B505CFB11A46F1C400BE1FCC /* children.png */ = {isa = PBXFileReference; lastKnownFileType = image.png; path = children.png; sourceTree = "<group>"; };
		B505CFB21A46F1C400BE1FCC /* Icon-Small-40@2x.png */ = {isa = PBXFileReference; lastKnownFileType = image.png; path = "Icon-Small-40@2x.png"; sourceTree = "<group>"; };
		B505CFB31A46F1C400BE1FCC /* infant.png */ = {isa = PBXFileReference; lastKnownFileType = image.png; path = infant.png; sourceTree = "<group>"; };
		B505CFB41A46F1C400BE1FCC /* no_photo_hotel.png */ = {isa = PBXFileReference; lastKnownFileType = image.png; path = no_photo_hotel.png; sourceTree = "<group>"; };
		B510C6BA1A0E21C5005D85C0 /* DKSearchFormController.swift */ = {isa = PBXFileReference; fileEncoding = 4; lastKnownFileType = sourcecode.swift; path = DKSearchFormController.swift; sourceTree = "<group>"; };
		B54E53A31A18A42D00EAE6BD /* QuartzCore.framework */ = {isa = PBXFileReference; lastKnownFileType = wrapper.framework; name = QuartzCore.framework; path = System/Library/Frameworks/QuartzCore.framework; sourceTree = SDKROOT; };
		B578AA0A19F8332300A8C18E /* IOS_first.app */ = {isa = PBXFileReference; explicitFileType = wrapper.application; includeInIndex = 0; path = IOS_first.app; sourceTree = BUILT_PRODUCTS_DIR; };
		B578AA0E19F8332300A8C18E /* Info.plist */ = {isa = PBXFileReference; lastKnownFileType = text.plist.xml; path = Info.plist; sourceTree = "<group>"; };
		B578AA0F19F8332300A8C18E /* AppDelegate.swift */ = {isa = PBXFileReference; lastKnownFileType = sourcecode.swift; path = AppDelegate.swift; sourceTree = "<group>"; };
		B578AA1119F8332300A8C18E /* ViewController.swift */ = {isa = PBXFileReference; lastKnownFileType = sourcecode.swift; path = ViewController.swift; sourceTree = "<group>"; };
		B578AA1419F8332300A8C18E /* Base */ = {isa = PBXFileReference; lastKnownFileType = file.storyboard; name = Base; path = Base.lproj/Main.storyboard; sourceTree = "<group>"; };
		B578AA1F19F8332300A8C18E /* IOS_firstTests.xctest */ = {isa = PBXFileReference; explicitFileType = wrapper.cfbundle; includeInIndex = 0; path = IOS_firstTests.xctest; sourceTree = BUILT_PRODUCTS_DIR; };
		B578AA2419F8332300A8C18E /* Info.plist */ = {isa = PBXFileReference; lastKnownFileType = text.plist.xml; path = Info.plist; sourceTree = "<group>"; };
		B578AA2519F8332300A8C18E /* IOS_firstTests.swift */ = {isa = PBXFileReference; lastKnownFileType = sourcecode.swift; path = IOS_firstTests.swift; sourceTree = "<group>"; };
		B578AA5619F84BF200A8C18E /* CoreImage.framework */ = {isa = PBXFileReference; lastKnownFileType = wrapper.framework; name = CoreImage.framework; path = System/Library/Frameworks/CoreImage.framework; sourceTree = SDKROOT; };
		B5815F4B1A0ABD94004EDAA6 /* IOS_first-Bridging-Header.h */ = {isa = PBXFileReference; fileEncoding = 4; lastKnownFileType = sourcecode.c.h; path = "IOS_first-Bridging-Header.h"; sourceTree = "<group>"; };
		B5F6726D1A0F4A19001E90CA /* DKPopoverViewController.swift */ = {isa = PBXFileReference; fileEncoding = 4; lastKnownFileType = sourcecode.swift; path = DKPopoverViewController.swift; sourceTree = "<group>"; };
		CDA6D13F469AD3BF3EA46D8E /* Pods.debug.xcconfig */ = {isa = PBXFileReference; includeInIndex = 1; lastKnownFileType = text.xcconfig; name = Pods.debug.xcconfig; path = "Pods/Target Support Files/Pods/Pods.debug.xcconfig"; sourceTree = "<group>"; };
		ED85A53CDFF7AF39FAC37586 /* Pods.framework */ = {isa = PBXFileReference; explicitFileType = wrapper.framework; includeInIndex = 0; path = Pods.framework; sourceTree = BUILT_PRODUCTS_DIR; };
/* End PBXFileReference section */

/* Begin PBXFrameworksBuildPhase section */
		B578AA0719F8332300A8C18E /* Frameworks */ = {
			isa = PBXFrameworksBuildPhase;
			buildActionMask = 2147483647;
			files = (
				B54E53A41A18A42D00EAE6BD /* QuartzCore.framework in Frameworks */,
				5167FCD119F9293F008AFF52 /* UIKit.framework in Frameworks */,
				E2050808333ADE06D3874E44 /* Pods.framework in Frameworks */,
			);
			runOnlyForDeploymentPostprocessing = 0;
		};
		B578AA1C19F8332300A8C18E /* Frameworks */ = {
			isa = PBXFrameworksBuildPhase;
			buildActionMask = 2147483647;
			files = (
			);
			runOnlyForDeploymentPostprocessing = 0;
		};
/* End PBXFrameworksBuildPhase section */

/* Begin PBXGroup section */
		0A6BB8DB1C67991A009A6986 /* Products */ = {
			isa = PBXGroup;
			children = (
				0A6BB8E51C67991A009A6986 /* Alamofire.framework */,
				0A6BB8E71C67991A009A6986 /* ObjectMapper.framework */,
				0A6BB8E91C67991A009A6986 /* OMGHTTPURLRQ.framework */,
				0A6BB8EB1C67991A009A6986 /* Pods.framework */,
				0A6BB8ED1C67991A009A6986 /* PromiseKit.framework */,
				0A5FBA3D1C6C833C00D49909 /* RxBlocking.framework */,
				0A5FBA3F1C6C833C00D49909 /* RxCocoa.framework */,
				0A5FBA411C6C833C00D49909 /* RxSwift.framework */,
				0A6BB8EF1C67991A009A6986 /* SDWebImage.framework */,
				0A6BB8F11C67991A009A6986 /* SwiftyJSON.framework */,
			);
			name = Products;
			sourceTree = "<group>";
		};
		0A6BB8F61C679A7E009A6986 /* Utils */ = {
			isa = PBXGroup;
			children = (
				0A6BB8F71C679A9B009A6986 /* ActivityIndicator.swift */,
				0A6BB8F81C679A9B009A6986 /* DKNotification.swift */,
				0A6BB8F91C679A9B009A6986 /* Filters.swift */,
				0A6BB8FA1C679A9B009A6986 /* Http.swift */,
				0A6BB8FF1C679A9B009A6986 /* Utils.swift */,
				0A044E961C770F810078FF32 /* BaseWidgets.swift */,
			);
			name = Utils;
			sourceTree = "<group>";
		};
		0A6BB9091C679AAC009A6986 /* Models */ = {
			isa = PBXGroup;
			children = (
				0A6BB90A1C679AB9009A6986 /* ContentModel.swift */,
				0A6BB90B1C679AB9009A6986 /* BaseModel.swift */,
				0A5FB9D31C68953700D49909 /* NewsModel.swift */,
			);
			name = Models;
			sourceTree = "<group>";
		};
		0A6BB9121C67C36B009A6986 /* Screens */ = {
			isa = PBXGroup;
			children = (
				0A7201481C73590100739306 /* Launch */,
				0A72FBCB1C7340B600739306 /* Index */,
				0A6BB9171C67C393009A6986 /* ArticleItem */,
				0A6BB9161C67C389009A6986 /* NewsItem */,
				0A6BB9151C67C384009A6986 /* Search */,
				0A6BB9141C67C37C009A6986 /* Articles */,
				0A6BB9131C67C377009A6986 /* News */,
			);
			name = Screens;
			sourceTree = "<group>";
		};
		0A6BB9131C67C377009A6986 /* News */ = {
			isa = PBXGroup;
			children = (
				0A6BB9181C67C3D1009A6986 /* NewsScreen.swift */,
				0A5FBA301C6C833B00D49909 /* NewsViewModel.swift */,
			);
			name = News;
			sourceTree = "<group>";
		};
		0A6BB9141C67C37C009A6986 /* Articles */ = {
			isa = PBXGroup;
			children = (
				0A71B0201C6CE0A6002A65BB /* ArticlesScreen.swift */,
			);
			name = Articles;
			sourceTree = "<group>";
		};
		0A6BB9151C67C384009A6986 /* Search */ = {
			isa = PBXGroup;
			children = (
				51798A241A134ABF00B5FE48 /* DKDatePickerView.swift */,
				B510C6BA1A0E21C5005D85C0 /* DKSearchFormController.swift */,
				B5F6726D1A0F4A19001E90CA /* DKPopoverViewController.swift */,
				51798A2A1A14F47C00B5FE48 /* SearchFormDelegate.swift */,
				0A71B0221C6CEBDC002A65BB /* SearchScreen.swift */,
			);
			name = Search;
			sourceTree = "<group>";
		};
		0A6BB9161C67C389009A6986 /* NewsItem */ = {
			isa = PBXGroup;
			children = (
			);
			name = NewsItem;
			sourceTree = "<group>";
		};
		0A6BB9171C67C393009A6986 /* ArticleItem */ = {
			isa = PBXGroup;
			children = (
			);
			name = ArticleItem;
			sourceTree = "<group>";
		};
		0A7201481C73590100739306 /* Launch */ = {
			isa = PBXGroup;
			children = (
				0A7201491C73591800739306 /* LaunchScreen.swift */,
			);
			name = Launch;
			sourceTree = "<group>";
		};
		0A7201511C748FF500739306 /* Search */ = {
			isa = PBXGroup;
			children = (
				0A044E911C7612290078FF32 /* SearchBarWidget.xib */,
				0A044E931C761C910078FF32 /* SearchBarWidget.swift */,
				0A044EA81C7753380078FF32 /* SearchSuggest.swift */,
				0A044EAA1C77550C0078FF32 /* SearchSuggestCell.swift */,
				0A044EAC1C775C2D0078FF32 /* SearchSuggestCell.xib */,
			);
			name = Search;
			sourceTree = "<group>";
		};
		0A72FBAE1C732CDC00739306 /* SlideMenu */ = {
			isa = PBXGroup;
			children = (
				0A72FBC71C7339AB00739306 /* SlideMenuController.swift */,
			);
			name = SlideMenu;
			sourceTree = "<group>";
		};
		0A72FBCB1C7340B600739306 /* Index */ = {
			isa = PBXGroup;
			children = (
				0A72FBC91C733C6800739306 /* IndexScreen.swift */,
			);
			name = Index;
			sourceTree = "<group>";
		};
		0A93D10D1C64BD01006517AF /* ItemView */ = {
			isa = PBXGroup;
			children = (
				0A5FBA2B1C6B6AC800D49909 /* cell.xib */,
				0A93D10E1C64BD15006517AF /* DKViewCell.swift */,
			);
			name = ItemView;
			sourceTree = "<group>";
		};
		260F71FF51EA1E330284AC26 /* Pods */ = {
			isa = PBXGroup;
			children = (
				CDA6D13F469AD3BF3EA46D8E /* Pods.debug.xcconfig */,
				77BD000212A6FDB9C51E2214 /* Pods.release.xcconfig */,
			);
			name = Pods;
			sourceTree = "<group>";
		};
		5167FCC919F8EC31008AFF52 /* Components */ = {
			isa = PBXGroup;
			children = (
				0A7201511C748FF500739306 /* Search */,
				0A72FBAE1C732CDC00739306 /* SlideMenu */,
				0A93D10D1C64BD01006517AF /* ItemView */,
				5167FCE019FFF979008AFF52 /* ListData */,
			);
			name = Components;
			sourceTree = "<group>";
		};
		5167FCE019FFF979008AFF52 /* ListData */ = {
			isa = PBXGroup;
			children = (
			);
			name = ListData;
			sourceTree = "<group>";
		};
		517C71F41A03E15A0084E6FE /* Services */ = {
			isa = PBXGroup;
			children = (
				0A93D0E01C63B100006517AF /* ServicesNews.swift */,
				0A93D0E21C63B10E006517AF /* ServicesArticles.swift */,
				0A93D0E41C63B11E006517AF /* ServicesSearch.swift */,
			);
			name = Services;
			sourceTree = "<group>";
		};
		B578AA0119F8332300A8C18E = {
			isa = PBXGroup;
			children = (
				0A72014D1C73838100739306 /* Media.xcassets */,
				0A6BB8DA1C67991A009A6986 /* Pods.xcodeproj */,
				5167FCD019F9293F008AFF52 /* UIKit.framework */,
				5167FCCE19F92932008AFF52 /* JavaScriptCore.framework */,
				B578AA5619F84BF200A8C18E /* CoreImage.framework */,
				B578AA0C19F8332300A8C18E /* IOS_first */,
				B578AA2219F8332300A8C18E /* IOS_firstTests */,
				B578AA0B19F8332300A8C18E /* Products */,
				260F71FF51EA1E330284AC26 /* Pods */,
				D70FF850D643C0D8F95071B6 /* Frameworks */,
			);
			sourceTree = "<group>";
		};
		B578AA0B19F8332300A8C18E /* Products */ = {
			isa = PBXGroup;
			children = (
				B578AA0A19F8332300A8C18E /* IOS_first.app */,
				B578AA1F19F8332300A8C18E /* IOS_firstTests.xctest */,
			);
			name = Products;
			sourceTree = "<group>";
		};
		B578AA0C19F8332300A8C18E /* IOS_first */ = {
			isa = PBXGroup;
			children = (
				0A6BB9121C67C36B009A6986 /* Screens */,
				0A6BB9091C679AAC009A6986 /* Models */,
				0A6BB8F61C679A7E009A6986 /* Utils */,
				0A93D0AD1C639DA2006517AF /* Podfile */,
				B5815F541A0AD9A8004EDAA6 /* images */,
				517C71F41A03E15A0084E6FE /* Services */,
				5167FCC919F8EC31008AFF52 /* Components */,
				B578AA0F19F8332300A8C18E /* AppDelegate.swift */,
				B578AA1119F8332300A8C18E /* ViewController.swift */,
				B578AA1319F8332300A8C18E /* Main.storyboard */,
				B578AA0D19F8332300A8C18E /* Supporting Files */,
				0A72014B1C735E4F00739306 /* LaunchScreen.storyboard */,
			);
			path = IOS_first;
			sourceTree = "<group>";
		};
		B578AA0D19F8332300A8C18E /* Supporting Files */ = {
			isa = PBXGroup;
			children = (
				B5815F4B1A0ABD94004EDAA6 /* IOS_first-Bridging-Header.h */,
				0A72FBB91C732E6100739306 /* SWRevealViewController.h */,
				0A72FBBA1C732E6100739306 /* SWRevealViewController.m */,
				B578AA0E19F8332300A8C18E /* Info.plist */,
			);
			name = "Supporting Files";
			sourceTree = "<group>";
		};
		B578AA2219F8332300A8C18E /* IOS_firstTests */ = {
			isa = PBXGroup;
			children = (
				B578AA2519F8332300A8C18E /* IOS_firstTests.swift */,
				B578AA2319F8332300A8C18E /* Supporting Files */,
			);
			path = IOS_firstTests;
			sourceTree = "<group>";
		};
		B578AA2319F8332300A8C18E /* Supporting Files */ = {
			isa = PBXGroup;
			children = (
				B578AA2419F8332300A8C18E /* Info.plist */,
			);
			name = "Supporting Files";
			sourceTree = "<group>";
		};
		B5815F541A0AD9A8004EDAA6 /* images */ = {
			isa = PBXGroup;
			children = (
				B505CFB01A46F1C400BE1FCC /* adult.png */,
				B505CFB11A46F1C400BE1FCC /* children.png */,
				B505CFB21A46F1C400BE1FCC /* Icon-Small-40@2x.png */,
				B505CFB31A46F1C400BE1FCC /* infant.png */,
				B505CFB41A46F1C400BE1FCC /* no_photo_hotel.png */,
			);
			path = images;
			sourceTree = SOURCE_ROOT;
		};
		D70FF850D643C0D8F95071B6 /* Frameworks */ = {
			isa = PBXGroup;
			children = (
				B54E53A31A18A42D00EAE6BD /* QuartzCore.framework */,
				ED85A53CDFF7AF39FAC37586 /* Pods.framework */,
			);
			name = Frameworks;
			sourceTree = "<group>";
		};
/* End PBXGroup section */

/* Begin PBXNativeTarget section */
		B578AA0919F8332300A8C18E /* IOS_first */ = {
			isa = PBXNativeTarget;
			buildConfigurationList = B578AA2919F8332300A8C18E /* Build configuration list for PBXNativeTarget "IOS_first" */;
			buildPhases = (
				DD791EB70F075DDFBCA45468 /* Check Pods Manifest.lock */,
				B578AA0619F8332300A8C18E /* Sources */,
				B578AA0719F8332300A8C18E /* Frameworks */,
				B578AA0819F8332300A8C18E /* Resources */,
				B592E22D1A02BF2D00B8929F /* Copy Frameworks */,
				800113BDD1D6E2A50626D5AC /* Copy Pods Resources */,
				7EE2D60112610EE99E7112F9 /* Embed Pods Frameworks */,
			);
			buildRules = (
			);
			dependencies = (
			);
			name = IOS_first;
			productName = IOS_first;
			productReference = B578AA0A19F8332300A8C18E /* IOS_first.app */;
			productType = "com.apple.product-type.application";
		};
		B578AA1E19F8332300A8C18E /* IOS_firstTests */ = {
			isa = PBXNativeTarget;
			buildConfigurationList = B578AA2C19F8332300A8C18E /* Build configuration list for PBXNativeTarget "IOS_firstTests" */;
			buildPhases = (
				B578AA1B19F8332300A8C18E /* Sources */,
				B578AA1C19F8332300A8C18E /* Frameworks */,
				B578AA1D19F8332300A8C18E /* Resources */,
			);
			buildRules = (
			);
			dependencies = (
				B578AA2119F8332300A8C18E /* PBXTargetDependency */,
			);
			name = IOS_firstTests;
			productName = IOS_firstTests;
			productReference = B578AA1F19F8332300A8C18E /* IOS_firstTests.xctest */;
			productType = "com.apple.product-type.bundle.unit-test";
		};
/* End PBXNativeTarget section */

/* Begin PBXProject section */
		B578AA0219F8332300A8C18E /* Project object */ = {
			isa = PBXProject;
			attributes = {
				LastSwiftUpdateCheck = 0720;
				LastUpgradeCheck = 0720;
				ORGANIZATIONNAME = "дмитрий кузнецов";
				TargetAttributes = {
					B578AA0919F8332300A8C18E = {
						CreatedOnToolsVersion = 6.1;
					};
					B578AA1E19F8332300A8C18E = {
						CreatedOnToolsVersion = 6.1;
						TestTargetID = B578AA0919F8332300A8C18E;
					};
				};
			};
			buildConfigurationList = B578AA0519F8332300A8C18E /* Build configuration list for PBXProject "IOS_first" */;
			compatibilityVersion = "Xcode 3.2";
			developmentRegion = English;
			hasScannedForEncodings = 0;
			knownRegions = (
				en,
				Base,
			);
			mainGroup = B578AA0119F8332300A8C18E;
			productRefGroup = B578AA0B19F8332300A8C18E /* Products */;
			projectDirPath = "";
			projectReferences = (
				{
					ProductGroup = 0A6BB8DB1C67991A009A6986 /* Products */;
					ProjectRef = 0A6BB8DA1C67991A009A6986 /* Pods.xcodeproj */;
				},
			);
			projectRoot = "";
			targets = (
				B578AA0919F8332300A8C18E /* IOS_first */,
				B578AA1E19F8332300A8C18E /* IOS_firstTests */,
			);
		};
/* End PBXProject section */

/* Begin PBXReferenceProxy section */
		0A5FBA3D1C6C833C00D49909 /* RxBlocking.framework */ = {
			isa = PBXReferenceProxy;
			fileType = wrapper.framework;
			path = RxBlocking.framework;
			remoteRef = 0A5FBA3C1C6C833C00D49909 /* PBXContainerItemProxy */;
			sourceTree = BUILT_PRODUCTS_DIR;
		};
		0A5FBA3F1C6C833C00D49909 /* RxCocoa.framework */ = {
			isa = PBXReferenceProxy;
			fileType = wrapper.framework;
			path = RxCocoa.framework;
			remoteRef = 0A5FBA3E1C6C833C00D49909 /* PBXContainerItemProxy */;
			sourceTree = BUILT_PRODUCTS_DIR;
		};
		0A5FBA411C6C833C00D49909 /* RxSwift.framework */ = {
			isa = PBXReferenceProxy;
			fileType = wrapper.framework;
			path = RxSwift.framework;
			remoteRef = 0A5FBA401C6C833C00D49909 /* PBXContainerItemProxy */;
			sourceTree = BUILT_PRODUCTS_DIR;
		};
		0A6BB8E51C67991A009A6986 /* Alamofire.framework */ = {
			isa = PBXReferenceProxy;
			fileType = wrapper.framework;
			path = Alamofire.framework;
			remoteRef = 0A6BB8E41C67991A009A6986 /* PBXContainerItemProxy */;
			sourceTree = BUILT_PRODUCTS_DIR;
		};
		0A6BB8E71C67991A009A6986 /* ObjectMapper.framework */ = {
			isa = PBXReferenceProxy;
			fileType = wrapper.framework;
			path = ObjectMapper.framework;
			remoteRef = 0A6BB8E61C67991A009A6986 /* PBXContainerItemProxy */;
			sourceTree = BUILT_PRODUCTS_DIR;
		};
		0A6BB8E91C67991A009A6986 /* OMGHTTPURLRQ.framework */ = {
			isa = PBXReferenceProxy;
			fileType = wrapper.framework;
			path = OMGHTTPURLRQ.framework;
			remoteRef = 0A6BB8E81C67991A009A6986 /* PBXContainerItemProxy */;
			sourceTree = BUILT_PRODUCTS_DIR;
		};
		0A6BB8EB1C67991A009A6986 /* Pods.framework */ = {
			isa = PBXReferenceProxy;
			fileType = wrapper.framework;
			path = Pods.framework;
			remoteRef = 0A6BB8EA1C67991A009A6986 /* PBXContainerItemProxy */;
			sourceTree = BUILT_PRODUCTS_DIR;
		};
		0A6BB8ED1C67991A009A6986 /* PromiseKit.framework */ = {
			isa = PBXReferenceProxy;
			fileType = wrapper.framework;
			path = PromiseKit.framework;
			remoteRef = 0A6BB8EC1C67991A009A6986 /* PBXContainerItemProxy */;
			sourceTree = BUILT_PRODUCTS_DIR;
		};
		0A6BB8EF1C67991A009A6986 /* SDWebImage.framework */ = {
			isa = PBXReferenceProxy;
			fileType = wrapper.framework;
			path = SDWebImage.framework;
			remoteRef = 0A6BB8EE1C67991A009A6986 /* PBXContainerItemProxy */;
			sourceTree = BUILT_PRODUCTS_DIR;
		};
		0A6BB8F11C67991A009A6986 /* SwiftyJSON.framework */ = {
			isa = PBXReferenceProxy;
			fileType = wrapper.framework;
			path = SwiftyJSON.framework;
			remoteRef = 0A6BB8F01C67991A009A6986 /* PBXContainerItemProxy */;
			sourceTree = BUILT_PRODUCTS_DIR;
		};
/* End PBXReferenceProxy section */

/* Begin PBXResourcesBuildPhase section */
		B578AA0819F8332300A8C18E /* Resources */ = {
			isa = PBXResourcesBuildPhase;
			buildActionMask = 2147483647;
			files = (
				0A72014E1C73838100739306 /* Media.xcassets in Resources */,
				B505CFB51A46F1C400BE1FCC /* adult.png in Resources */,
				0A044EAD1C775C2D0078FF32 /* SearchSuggestCell.xib in Resources */,
				B505CFB61A46F1C400BE1FCC /* children.png in Resources */,
				B578AA1519F8332300A8C18E /* Main.storyboard in Resources */,
				0A93D0AE1C639DA2006517AF /* Podfile in Resources */,
				B505CFB71A46F1C400BE1FCC /* Icon-Small-40@2x.png in Resources */,
				0A5FBA2C1C6B6AC800D49909 /* cell.xib in Resources */,
				B505CFB81A46F1C400BE1FCC /* infant.png in Resources */,
				0A044E921C7612290078FF32 /* SearchBarWidget.xib in Resources */,
				0A72014C1C735E4F00739306 /* LaunchScreen.storyboard in Resources */,
				B505CFB91A46F1C400BE1FCC /* no_photo_hotel.png in Resources */,
			);
			runOnlyForDeploymentPostprocessing = 0;
		};
		B578AA1D19F8332300A8C18E /* Resources */ = {
			isa = PBXResourcesBuildPhase;
			buildActionMask = 2147483647;
			files = (
			);
			runOnlyForDeploymentPostprocessing = 0;
		};
/* End PBXResourcesBuildPhase section */

/* Begin PBXShellScriptBuildPhase section */
		7EE2D60112610EE99E7112F9 /* Embed Pods Frameworks */ = {
			isa = PBXShellScriptBuildPhase;
			buildActionMask = 2147483647;
			files = (
			);
			inputPaths = (
			);
			name = "Embed Pods Frameworks";
			outputPaths = (
			);
			runOnlyForDeploymentPostprocessing = 0;
			shellPath = /bin/sh;
			shellScript = "\"${SRCROOT}/Pods/Target Support Files/Pods/Pods-frameworks.sh\"\n";
			showEnvVarsInLog = 0;
		};
		800113BDD1D6E2A50626D5AC /* Copy Pods Resources */ = {
			isa = PBXShellScriptBuildPhase;
			buildActionMask = 12;
			files = (
			);
			inputPaths = (
			);
			name = "Copy Pods Resources";
			outputPaths = (
			);
			runOnlyForDeploymentPostprocessing = 0;
			shellPath = /bin/sh;
			shellScript = "\"${SRCROOT}/Pods/Target Support Files/Pods/Pods-resources.sh\"\n";
		};
		DD791EB70F075DDFBCA45468 /* Check Pods Manifest.lock */ = {
			isa = PBXShellScriptBuildPhase;
			buildActionMask = 2147483647;
			files = (
			);
			inputPaths = (
			);
			name = "Check Pods Manifest.lock";
			outputPaths = (
			);
			runOnlyForDeploymentPostprocessing = 0;
			shellPath = /bin/sh;
			shellScript = "diff \"${PODS_ROOT}/../Podfile.lock\" \"${PODS_ROOT}/Manifest.lock\" > /dev/null\nif [[ $? != 0 ]] ; then\n    cat << EOM\nerror: The sandbox is not in sync with the Podfile.lock. Run 'pod install' or update your CocoaPods installation.\nEOM\n    exit 1\nfi\n";
			showEnvVarsInLog = 0;
		};
/* End PBXShellScriptBuildPhase section */

/* Begin PBXSourcesBuildPhase section */
		B578AA0619F8332300A8C18E /* Sources */ = {
			isa = PBXSourcesBuildPhase;
			buildActionMask = 2147483647;
			files = (
				0A044EA91C7753380078FF32 /* SearchSuggest.swift in Sources */,
				0A72014A1C73591800739306 /* LaunchScreen.swift in Sources */,
				0A72FBCA1C733C6800739306 /* IndexScreen.swift in Sources */,
				0A044E971C770F810078FF32 /* BaseWidgets.swift in Sources */,
				0A71B0211C6CE0A6002A65BB /* ArticlesScreen.swift in Sources */,
				51798A251A134ABF00B5FE48 /* DKDatePickerView.swift in Sources */,
				B5F6726E1A0F4A19001E90CA /* DKPopoverViewController.swift in Sources */,
				0A72FBBB1C732E6100739306 /* SWRevealViewController.m in Sources */,
				0A044EAB1C77550C0078FF32 /* SearchSuggestCell.swift in Sources */,
				0A6BB90E1C679AB9009A6986 /* ContentModel.swift in Sources */,
				0A93D10F1C64BD15006517AF /* DKViewCell.swift in Sources */,
				0A5FBA311C6C833B00D49909 /* NewsViewModel.swift in Sources */,
				0A6BB9191C67C3D1009A6986 /* NewsScreen.swift in Sources */,
				B510C6BB1A0E21C5005D85C0 /* DKSearchFormController.swift in Sources */,
				0A6BB9001C679A9B009A6986 /* ActivityIndicator.swift in Sources */,
				B578AA1219F8332300A8C18E /* ViewController.swift in Sources */,
				B578AA1019F8332300A8C18E /* AppDelegate.swift in Sources */,
				0A044E941C761C910078FF32 /* SearchBarWidget.swift in Sources */,
				0A93D0E51C63B11E006517AF /* ServicesSearch.swift in Sources */,
				0A6BB9011C679A9B009A6986 /* DKNotification.swift in Sources */,
				0A6BB90F1C679AB9009A6986 /* BaseModel.swift in Sources */,
				0A5FB9D41C68953700D49909 /* NewsModel.swift in Sources */,
				0A93D0E31C63B10E006517AF /* ServicesArticles.swift in Sources */,
				0A6BB9031C679A9B009A6986 /* Http.swift in Sources */,
				51798A2B1A14F47C00B5FE48 /* SearchFormDelegate.swift in Sources */,
				0A6BB9081C679A9B009A6986 /* Utils.swift in Sources */,
				0A93D0E11C63B100006517AF /* ServicesNews.swift in Sources */,
				0A6BB9021C679A9B009A6986 /* Filters.swift in Sources */,
				0A72FBC81C7339AB00739306 /* SlideMenuController.swift in Sources */,
				0A71B0231C6CEBDC002A65BB /* SearchScreen.swift in Sources */,
			);
			runOnlyForDeploymentPostprocessing = 0;
		};
		B578AA1B19F8332300A8C18E /* Sources */ = {
			isa = PBXSourcesBuildPhase;
			buildActionMask = 2147483647;
			files = (
				B578AA2619F8332300A8C18E /* IOS_firstTests.swift in Sources */,
			);
			runOnlyForDeploymentPostprocessing = 0;
		};
/* End PBXSourcesBuildPhase section */

/* Begin PBXTargetDependency section */
		B578AA2119F8332300A8C18E /* PBXTargetDependency */ = {
			isa = PBXTargetDependency;
			target = B578AA0919F8332300A8C18E /* IOS_first */;
			targetProxy = B578AA2019F8332300A8C18E /* PBXContainerItemProxy */;
		};
/* End PBXTargetDependency section */

/* Begin PBXVariantGroup section */
		B578AA1319F8332300A8C18E /* Main.storyboard */ = {
			isa = PBXVariantGroup;
			children = (
				B578AA1419F8332300A8C18E /* Base */,
			);
			name = Main.storyboard;
			sourceTree = "<group>";
		};
/* End PBXVariantGroup section */

/* Begin XCBuildConfiguration section */
		B578AA2719F8332300A8C18E /* Debug */ = {
			isa = XCBuildConfiguration;
			buildSettings = {
				ALWAYS_SEARCH_USER_PATHS = NO;
				CLANG_CXX_LANGUAGE_STANDARD = "gnu++0x";
				CLANG_CXX_LIBRARY = "libc++";
				CLANG_ENABLE_MODULES = YES;
				CLANG_ENABLE_OBJC_ARC = YES;
				CLANG_WARN_BOOL_CONVERSION = YES;
				CLANG_WARN_CONSTANT_CONVERSION = YES;
				CLANG_WARN_DIRECT_OBJC_ISA_USAGE = YES_ERROR;
				CLANG_WARN_EMPTY_BODY = YES;
				CLANG_WARN_ENUM_CONVERSION = YES;
				CLANG_WARN_INT_CONVERSION = YES;
				CLANG_WARN_OBJC_ROOT_CLASS = YES_ERROR;
				CLANG_WARN_UNREACHABLE_CODE = YES;
				CLANG_WARN__DUPLICATE_METHOD_MATCH = YES;
				"CODE_SIGN_IDENTITY[sdk=iphoneos*]" = "iPhone Developer";
				COPY_PHASE_STRIP = NO;
				DEFINES_MODULE = YES;
				ENABLE_STRICT_OBJC_MSGSEND = YES;
				ENABLE_TESTABILITY = YES;
				GCC_C_LANGUAGE_STANDARD = gnu99;
				GCC_DYNAMIC_NO_PIC = NO;
				GCC_OPTIMIZATION_LEVEL = 0;
				GCC_PREPROCESSOR_DEFINITIONS = (
					"DEBUG=1",
					"$(inherited)",
				);
				GCC_SYMBOLS_PRIVATE_EXTERN = NO;
				GCC_WARN_64_TO_32_BIT_CONVERSION = YES;
				GCC_WARN_ABOUT_RETURN_TYPE = YES_ERROR;
				GCC_WARN_UNDECLARED_SELECTOR = YES;
				GCC_WARN_UNINITIALIZED_AUTOS = YES_AGGRESSIVE;
				GCC_WARN_UNUSED_FUNCTION = YES;
				GCC_WARN_UNUSED_VARIABLE = YES;
				IPHONEOS_DEPLOYMENT_TARGET = 9.0;
				MTL_ENABLE_DEBUG_INFO = YES;
				ONLY_ACTIVE_ARCH = YES;
				SDKROOT = iphoneos;
				SWIFT_OPTIMIZATION_LEVEL = "-Onone";
				TARGETED_DEVICE_FAMILY = "1,2";
			};
			name = Debug;
		};
		B578AA2819F8332300A8C18E /* Release */ = {
			isa = XCBuildConfiguration;
			buildSettings = {
				ALWAYS_SEARCH_USER_PATHS = NO;
				CLANG_CXX_LANGUAGE_STANDARD = "gnu++0x";
				CLANG_CXX_LIBRARY = "libc++";
				CLANG_ENABLE_MODULES = YES;
				CLANG_ENABLE_OBJC_ARC = YES;
				CLANG_WARN_BOOL_CONVERSION = YES;
				CLANG_WARN_CONSTANT_CONVERSION = YES;
				CLANG_WARN_DIRECT_OBJC_ISA_USAGE = YES_ERROR;
				CLANG_WARN_EMPTY_BODY = YES;
				CLANG_WARN_ENUM_CONVERSION = YES;
				CLANG_WARN_INT_CONVERSION = YES;
				CLANG_WARN_OBJC_ROOT_CLASS = YES_ERROR;
				CLANG_WARN_UNREACHABLE_CODE = YES;
				CLANG_WARN__DUPLICATE_METHOD_MATCH = YES;
				"CODE_SIGN_IDENTITY[sdk=iphoneos*]" = "iPhone Developer";
				COPY_PHASE_STRIP = YES;
				DEFINES_MODULE = YES;
				ENABLE_NS_ASSERTIONS = NO;
				ENABLE_STRICT_OBJC_MSGSEND = YES;
				GCC_C_LANGUAGE_STANDARD = gnu99;
				GCC_WARN_64_TO_32_BIT_CONVERSION = YES;
				GCC_WARN_ABOUT_RETURN_TYPE = YES_ERROR;
				GCC_WARN_UNDECLARED_SELECTOR = YES;
				GCC_WARN_UNINITIALIZED_AUTOS = YES_AGGRESSIVE;
				GCC_WARN_UNUSED_FUNCTION = YES;
				GCC_WARN_UNUSED_VARIABLE = YES;
				IPHONEOS_DEPLOYMENT_TARGET = 9.0;
				MTL_ENABLE_DEBUG_INFO = NO;
				SDKROOT = iphoneos;
				TARGETED_DEVICE_FAMILY = "1,2";
				VALIDATE_PRODUCT = YES;
			};
			name = Release;
		};
		B578AA2A19F8332300A8C18E /* Debug */ = {
			isa = XCBuildConfiguration;
			baseConfigurationReference = CDA6D13F469AD3BF3EA46D8E /* Pods.debug.xcconfig */;
			buildSettings = {
				ASSETCATALOG_COMPILER_APPICON_NAME = AppIcon;
				ASSETCATALOG_COMPILER_LAUNCHIMAGE_NAME = "Brand Assets";
				CLANG_ENABLE_MODULES = YES;
				CODE_SIGN_IDENTITY = "iPhone Developer";
				INFOPLIST_FILE = IOS_first/Info.plist;
				IPHONEOS_DEPLOYMENT_TARGET = 9.0;
				LD_RUNPATH_SEARCH_PATHS = "$(inherited) @executable_path/Frameworks";
				PRODUCT_BUNDLE_IDENTIFIER = "batmandarkside.$(PRODUCT_NAME:rfc1034identifier)";
				PRODUCT_NAME = "$(TARGET_NAME)";
				SWIFT_OBJC_BRIDGING_HEADER = "IOS_first/IOS_first-Bridging-Header.h";
				SWIFT_OPTIMIZATION_LEVEL = "-Onone";
				TARGETED_DEVICE_FAMILY = 1;
			};
			name = Debug;
		};
		B578AA2B19F8332300A8C18E /* Release */ = {
			isa = XCBuildConfiguration;
			baseConfigurationReference = 77BD000212A6FDB9C51E2214 /* Pods.release.xcconfig */;
			buildSettings = {
				ASSETCATALOG_COMPILER_APPICON_NAME = AppIcon;
				ASSETCATALOG_COMPILER_LAUNCHIMAGE_NAME = "Brand Assets";
				CLANG_ENABLE_MODULES = YES;
				CODE_SIGN_IDENTITY = "iPhone Developer";
				INFOPLIST_FILE = IOS_first/Info.plist;
				IPHONEOS_DEPLOYMENT_TARGET = 9.0;
				LD_RUNPATH_SEARCH_PATHS = "$(inherited) @executable_path/Frameworks";
				PRODUCT_BUNDLE_IDENTIFIER = "batmandarkside.$(PRODUCT_NAME:rfc1034identifier)";
				PRODUCT_NAME = "$(TARGET_NAME)";
				SWIFT_OBJC_BRIDGING_HEADER = "IOS_first/IOS_first-Bridging-Header.h";
				TARGETED_DEVICE_FAMILY = 1;
			};
			name = Release;
		};
		B578AA2D19F8332300A8C18E /* Debug */ = {
			isa = XCBuildConfiguration;
			buildSettings = {
				BUNDLE_LOADER = "$(TEST_HOST)";
				FRAMEWORK_SEARCH_PATHS = (
					"$(SDKROOT)/Developer/Library/Frameworks",
					"$(inherited)",
				);
				GCC_PREPROCESSOR_DEFINITIONS = (
					"DEBUG=1",
					"$(inherited)",
				);
				INFOPLIST_FILE = IOS_firstTests/Info.plist;
				LD_RUNPATH_SEARCH_PATHS = "$(inherited) @executable_path/Frameworks @loader_path/Frameworks";
				PRODUCT_BUNDLE_IDENTIFIER = "batmandarkside.$(PRODUCT_NAME:rfc1034identifier)";
				PRODUCT_NAME = "$(TARGET_NAME)";
				TEST_HOST = "$(BUILT_PRODUCTS_DIR)/IOS_first.app/IOS_first";
			};
			name = Debug;
		};
		B578AA2E19F8332300A8C18E /* Release */ = {
			isa = XCBuildConfiguration;
			buildSettings = {
				BUNDLE_LOADER = "$(TEST_HOST)";
				FRAMEWORK_SEARCH_PATHS = (
					"$(SDKROOT)/Developer/Library/Frameworks",
					"$(inherited)",
				);
				INFOPLIST_FILE = IOS_firstTests/Info.plist;
				LD_RUNPATH_SEARCH_PATHS = "$(inherited) @executable_path/Frameworks @loader_path/Frameworks";
				PRODUCT_BUNDLE_IDENTIFIER = "batmandarkside.$(PRODUCT_NAME:rfc1034identifier)";
				PRODUCT_NAME = "$(TARGET_NAME)";
				TEST_HOST = "$(BUILT_PRODUCTS_DIR)/IOS_first.app/IOS_first";
			};
			name = Release;
		};
/* End XCBuildConfiguration section */

/* Begin XCConfigurationList section */
		B578AA0519F8332300A8C18E /* Build configuration list for PBXProject "IOS_first" */ = {
			isa = XCConfigurationList;
			buildConfigurations = (
				B578AA2719F8332300A8C18E /* Debug */,
				B578AA2819F8332300A8C18E /* Release */,
			);
			defaultConfigurationIsVisible = 0;
			defaultConfigurationName = Release;
		};
		B578AA2919F8332300A8C18E /* Build configuration list for PBXNativeTarget "IOS_first" */ = {
			isa = XCConfigurationList;
			buildConfigurations = (
				B578AA2A19F8332300A8C18E /* Debug */,
				B578AA2B19F8332300A8C18E /* Release */,
			);
			defaultConfigurationIsVisible = 0;
			defaultConfigurationName = Release;
		};
		B578AA2C19F8332300A8C18E /* Build configuration list for PBXNativeTarget "IOS_firstTests" */ = {
			isa = XCConfigurationList;
			buildConfigurations = (
				B578AA2D19F8332300A8C18E /* Debug */,
				B578AA2E19F8332300A8C18E /* Release */,
			);
			defaultConfigurationIsVisible = 0;
			defaultConfigurationName = Release;
		};
/* End XCConfigurationList section */
	};
	rootObject = B578AA0219F8332300A8C18E /* Project object */;
}
